// !$*UTF8*$!
{
	archiveVersion = 1;
	classes = {
	};
	objectVersion = 42;
	objects = {

/* Begin PBXBuildFile section */
		216565B01663AE7A00BCFC36 /* ofxHardwareDriver.cpp in Sources */ = {isa = PBXBuildFile; fileRef = 216565AE1663AE7A00BCFC36 /* ofxHardwareDriver.cpp */; };
		216F366A165E13DB00D62604 /* libnimCodecs.dylib in Frameworks */ = {isa = PBXBuildFile; fileRef = 216F360F165E13DA00D62604 /* libnimCodecs.dylib */; };
		216F366B165E13DB00D62604 /* libnimMockNodes.dylib in Frameworks */ = {isa = PBXBuildFile; fileRef = 216F3610165E13DA00D62604 /* libnimMockNodes.dylib */; };
		216F366C165E13DB00D62604 /* libnimRecorder.dylib in Frameworks */ = {isa = PBXBuildFile; fileRef = 216F3611165E13DA00D62604 /* libnimRecorder.dylib */; };
		216F366D165E13DB00D62604 /* libOpenNI.dylib in Frameworks */ = {isa = PBXBuildFile; fileRef = 216F3612165E13DA00D62604 /* libOpenNI.dylib */; };
		216F366E165E13DB00D62604 /* libusb-1.0.0.dylib in Frameworks */ = {isa = PBXBuildFile; fileRef = 216F3613165E13DA00D62604 /* libusb-1.0.0.dylib */; };
		216F366F165E13DC00D62604 /* libXnCore.dylib in Frameworks */ = {isa = PBXBuildFile; fileRef = 216F3614165E13DA00D62604 /* libXnCore.dylib */; };
		216F3670165E13DC00D62604 /* libXnDDK.dylib in Frameworks */ = {isa = PBXBuildFile; fileRef = 216F3615165E13DA00D62604 /* libXnDDK.dylib */; };
		216F3671165E13DC00D62604 /* libXnDeviceFile.dylib in Frameworks */ = {isa = PBXBuildFile; fileRef = 216F3616165E13DA00D62604 /* libXnDeviceFile.dylib */; };
		216F3672165E13DC00D62604 /* libXnDeviceSensorV2KM.dylib in Frameworks */ = {isa = PBXBuildFile; fileRef = 216F3617165E13DA00D62604 /* libXnDeviceSensorV2KM.dylib */; };
		216F3673165E13DC00D62604 /* libXnFormats.dylib in Frameworks */ = {isa = PBXBuildFile; fileRef = 216F3618165E13DA00D62604 /* libXnFormats.dylib */; };
		216F3674165E13DC00D62604 /* libXnVCNITE_1_5_2.dylib in Frameworks */ = {isa = PBXBuildFile; fileRef = 216F3619165E13DA00D62604 /* libXnVCNITE_1_5_2.dylib */; };
		216F3675165E13DC00D62604 /* libXnVFeatures_1_5_2.dylib in Frameworks */ = {isa = PBXBuildFile; fileRef = 216F361A165E13DA00D62604 /* libXnVFeatures_1_5_2.dylib */; };
		216F3676165E13DC00D62604 /* libXnVHandGenerator_1_5_2.dylib in Frameworks */ = {isa = PBXBuildFile; fileRef = 216F361B165E13DA00D62604 /* libXnVHandGenerator_1_5_2.dylib */; };
		216F3677165E13DC00D62604 /* libXnVNite_1_5_2.dylib in Frameworks */ = {isa = PBXBuildFile; fileRef = 216F361C165E13DA00D62604 /* libXnVNite_1_5_2.dylib */; };
		216F3679165E13DC00D62604 /* ofxOpenNI.cpp in Sources */ = {isa = PBXBuildFile; fileRef = 216F361F165E13DA00D62604 /* ofxOpenNI.cpp */; };
		216F367A165E13DC00D62604 /* ofxOpenNITypes.cpp in Sources */ = {isa = PBXBuildFile; fileRef = 216F3621165E13DA00D62604 /* ofxOpenNITypes.cpp */; };
		216F36DD165E320600D62604 /* lbsdata.idx in Resources */ = {isa = PBXBuildFile; fileRef = 216F36CF165E320600D62604 /* lbsdata.idx */; };
		216F36DE165E320600D62604 /* lbsdata.lbd in Resources */ = {isa = PBXBuildFile; fileRef = 216F36D0165E320600D62604 /* lbsdata.lbd */; };
		216F36DF165E320600D62604 /* lbsparam1.lbd in Resources */ = {isa = PBXBuildFile; fileRef = 216F36D1165E320600D62604 /* lbsparam1.lbd */; };
		216F36E0165E320600D62604 /* lbsparam2.lbd in Resources */ = {isa = PBXBuildFile; fileRef = 216F36D2165E320600D62604 /* lbsparam2.lbd */; };
		216F36E1165E320600D62604 /* FeatureExtraction.ini in Resources */ = {isa = PBXBuildFile; fileRef = 216F36D3165E320600D62604 /* FeatureExtraction.ini */; };
		216F36E2165E320600D62604 /* GlobalDefaultsKinect.ini in Resources */ = {isa = PBXBuildFile; fileRef = 216F36D4165E320600D62604 /* GlobalDefaultsKinect.ini */; };
		216F36E3165E320600D62604 /* h.dat in Resources */ = {isa = PBXBuildFile; fileRef = 216F36D5165E320600D62604 /* h.dat */; };
		216F36E4165E320600D62604 /* licenses.xml in Resources */ = {isa = PBXBuildFile; fileRef = 216F36D6165E320600D62604 /* licenses.xml */; };
		216F36E5165E320600D62604 /* modules.xml in Resources */ = {isa = PBXBuildFile; fileRef = 216F36D7165E320600D62604 /* modules.xml */; };
		216F36E6165E320600D62604 /* Nite.ini in Resources */ = {isa = PBXBuildFile; fileRef = 216F36D8165E320600D62604 /* Nite.ini */; };
		216F36E7165E320600D62604 /* ofxopenni_config.xml in Resources */ = {isa = PBXBuildFile; fileRef = 216F36D9165E320600D62604 /* ofxopenni_config.xml */; };
		216F36E8165E320600D62604 /* s.dat in Resources */ = {isa = PBXBuildFile; fileRef = 216F36DA165E320600D62604 /* s.dat */; };
		216F36E9165E320600D62604 /* SamplesConfig.xml in Resources */ = {isa = PBXBuildFile; fileRef = 216F36DB165E320600D62604 /* SamplesConfig.xml */; };
		216F36EA165E320600D62604 /* SceneServer.ini in Resources */ = {isa = PBXBuildFile; fileRef = 216F36DC165E320600D62604 /* SceneServer.ini */; };
		21819FEA16387FA600336015 /* ofxBaseGui.cpp in Sources */ = {isa = PBXBuildFile; fileRef = 21819FDD16387FA600336015 /* ofxBaseGui.cpp */; };
		21819FEB16387FA600336015 /* ofxButton.cpp in Sources */ = {isa = PBXBuildFile; fileRef = 21819FDF16387FA600336015 /* ofxButton.cpp */; };
		21819FEC16387FA600336015 /* ofxLabel.cpp in Sources */ = {isa = PBXBuildFile; fileRef = 21819FE216387FA600336015 /* ofxLabel.cpp */; };
		21819FED16387FA600336015 /* ofxPanel.cpp in Sources */ = {isa = PBXBuildFile; fileRef = 21819FE416387FA600336015 /* ofxPanel.cpp */; };
		21819FEE16387FA600336015 /* ofxSlider.cpp in Sources */ = {isa = PBXBuildFile; fileRef = 21819FE616387FA600336015 /* ofxSlider.cpp */; };
		21819FEF16387FA600336015 /* ofxToggle.cpp in Sources */ = {isa = PBXBuildFile; fileRef = 21819FE816387FA600336015 /* ofxToggle.cpp */; };
		21C22DE715C286400075A106 /* main.cpp in Sources */ = {isa = PBXBuildFile; fileRef = E4B69E1D0A3A1BDC003C02F2 /* main.cpp */; };
		21C22DE815C286400075A106 /* testApp.cpp in Sources */ = {isa = PBXBuildFile; fileRef = E4B69E1E0A3A1BDC003C02F2 /* testApp.cpp */; };
		21C22DF515C286400075A106 /* ofxScratch.cpp in Sources */ = {isa = PBXBuildFile; fileRef = 216AAA01156FBF7C002E7A62 /* ofxScratch.cpp */; };
		21C22E0515C286400075A106 /* ofxTCPClient.cpp in Sources */ = {isa = PBXBuildFile; fileRef = 216AAA67156FBFFF002E7A62 /* ofxTCPClient.cpp */; };
		21C22E0615C286400075A106 /* ofxTCPManager.cpp in Sources */ = {isa = PBXBuildFile; fileRef = 216AAA69156FBFFF002E7A62 /* ofxTCPManager.cpp */; };
		21C22E0715C286400075A106 /* ofxTCPServer.cpp in Sources */ = {isa = PBXBuildFile; fileRef = 216AAA6B156FBFFF002E7A62 /* ofxTCPServer.cpp */; };
		21C22E0815C286400075A106 /* ofxUDPManager.cpp in Sources */ = {isa = PBXBuildFile; fileRef = 216AAA6D156FBFFF002E7A62 /* ofxUDPManager.cpp */; };
		21C22E0915C286400075A106 /* tinyxml.cpp in Sources */ = {isa = PBXBuildFile; fileRef = 216AAA75156FBFFF002E7A62 /* tinyxml.cpp */; };
		21C22E0A15C286400075A106 /* tinyxmlerror.cpp in Sources */ = {isa = PBXBuildFile; fileRef = 216AAA77156FBFFF002E7A62 /* tinyxmlerror.cpp */; };
		21C22E0B15C286400075A106 /* tinyxmlparser.cpp in Sources */ = {isa = PBXBuildFile; fileRef = 216AAA78156FBFFF002E7A62 /* tinyxmlparser.cpp */; };
		21C22E0C15C286400075A106 /* ofxXmlSettings.cpp in Sources */ = {isa = PBXBuildFile; fileRef = 216AAA7A156FBFFF002E7A62 /* ofxXmlSettings.cpp */; };
		21C22E0E15C286400075A106 /* GLUT.framework in Frameworks */ = {isa = PBXBuildFile; fileRef = BBAB23BE13894E4700AA2426 /* GLUT.framework */; };
		21C22E0F15C286400075A106 /* openFrameworksDebug.a in Frameworks */ = {isa = PBXBuildFile; fileRef = E4328148138ABC890047C5CB /* openFrameworksDebug.a */; };
		21C22E1015C286400075A106 /* AGL.framework in Frameworks */ = {isa = PBXBuildFile; fileRef = E45BE9710E8CC7DD009D7055 /* AGL.framework */; };
		21C22E1115C286400075A106 /* ApplicationServices.framework in Frameworks */ = {isa = PBXBuildFile; fileRef = E45BE9720E8CC7DD009D7055 /* ApplicationServices.framework */; };
		21C22E1215C286400075A106 /* AudioToolbox.framework in Frameworks */ = {isa = PBXBuildFile; fileRef = E45BE9730E8CC7DD009D7055 /* AudioToolbox.framework */; };
		21C22E1315C286400075A106 /* Carbon.framework in Frameworks */ = {isa = PBXBuildFile; fileRef = E45BE9740E8CC7DD009D7055 /* Carbon.framework */; };
		21C22E1415C286400075A106 /* CoreAudio.framework in Frameworks */ = {isa = PBXBuildFile; fileRef = E45BE9750E8CC7DD009D7055 /* CoreAudio.framework */; };
		21C22E1515C286400075A106 /* CoreFoundation.framework in Frameworks */ = {isa = PBXBuildFile; fileRef = E45BE9760E8CC7DD009D7055 /* CoreFoundation.framework */; };
		21C22E1615C286400075A106 /* CoreServices.framework in Frameworks */ = {isa = PBXBuildFile; fileRef = E45BE9770E8CC7DD009D7055 /* CoreServices.framework */; };
		21C22E1715C286400075A106 /* OpenGL.framework in Frameworks */ = {isa = PBXBuildFile; fileRef = E45BE9790E8CC7DD009D7055 /* OpenGL.framework */; };
		21C22E1815C286400075A106 /* QuickTime.framework in Frameworks */ = {isa = PBXBuildFile; fileRef = E45BE97A0E8CC7DD009D7055 /* QuickTime.framework */; };
		21C22E1915C286400075A106 /* AppKit.framework in Frameworks */ = {isa = PBXBuildFile; fileRef = E4C2424410CC5A17004149E2 /* AppKit.framework */; };
		21C22E1A15C286400075A106 /* Cocoa.framework in Frameworks */ = {isa = PBXBuildFile; fileRef = E4C2424510CC5A17004149E2 /* Cocoa.framework */; };
		21C22E1B15C286400075A106 /* IOKit.framework in Frameworks */ = {isa = PBXBuildFile; fileRef = E4C2424610CC5A17004149E2 /* IOKit.framework */; };
		21C22E2C15C286400075A106 /* GLUT.framework in CopyFiles */ = {isa = PBXBuildFile; fileRef = BBAB23BE13894E4700AA2426 /* GLUT.framework */; };
		21C22E2E15C286400075A106 /* icon.icns in Resources */ = {isa = PBXBuildFile; fileRef = 216AAA5D156FBF90002E7A62 /* icon.icns */; };
/* End PBXBuildFile section */

/* Begin PBXContainerItemProxy section */
		21C22DE515C286400075A106 /* PBXContainerItemProxy */ = {
			isa = PBXContainerItemProxy;
			containerPortal = E4328143138ABC890047C5CB /* openFrameworksLib.xcodeproj */;
			proxyType = 1;
			remoteGlobalIDString = E4B27C1410CBEB8E00536013;
			remoteInfo = openFrameworks;
		};
		E4328147138ABC890047C5CB /* PBXContainerItemProxy */ = {
			isa = PBXContainerItemProxy;
			containerPortal = E4328143138ABC890047C5CB /* openFrameworksLib.xcodeproj */;
			proxyType = 2;
			remoteGlobalIDString = E4B27C1510CBEB8E00536013;
			remoteInfo = openFrameworks;
		};
/* End PBXContainerItemProxy section */

/* Begin PBXCopyFilesBuildPhase section */
		21C22E2B15C286400075A106 /* CopyFiles */ = {
			isa = PBXCopyFilesBuildPhase;
			buildActionMask = 2147483647;
			dstPath = "";
			dstSubfolderSpec = 10;
			files = (
				21C22E2C15C286400075A106 /* GLUT.framework in CopyFiles */,
			);
			runOnlyForDeploymentPostprocessing = 0;
		};
/* End PBXCopyFilesBuildPhase section */

/* Begin PBXFileReference section */
		216565AE1663AE7A00BCFC36 /* ofxHardwareDriver.cpp */ = {isa = PBXFileReference; fileEncoding = 4; lastKnownFileType = sourcecode.cpp.cpp; path = ofxHardwareDriver.cpp; sourceTree = "<group>"; };
		216565AF1663AE7A00BCFC36 /* ofxHardwareDriver.h */ = {isa = PBXFileReference; fileEncoding = 4; lastKnownFileType = sourcecode.c.h; path = ofxHardwareDriver.h; sourceTree = "<group>"; };
		216AA9FD156FBF7C002E7A62 /* .gitignore */ = {isa = PBXFileReference; fileEncoding = 4; lastKnownFileType = text; path = .gitignore; sourceTree = "<group>"; };
		216AA9FE156FBF7C002E7A62 /* install.xml */ = {isa = PBXFileReference; fileEncoding = 4; lastKnownFileType = text.xml; path = install.xml; sourceTree = "<group>"; };
		216AA9FF156FBF7C002E7A62 /* README.md */ = {isa = PBXFileReference; fileEncoding = 4; lastKnownFileType = text; path = README.md; sourceTree = "<group>"; };
		216AAA01156FBF7C002E7A62 /* ofxScratch.cpp */ = {isa = PBXFileReference; fileEncoding = 4; lastKnownFileType = sourcecode.cpp.cpp; path = ofxScratch.cpp; sourceTree = "<group>"; };
		216AAA02156FBF7C002E7A62 /* ofxScratch.h */ = {isa = PBXFileReference; fileEncoding = 4; lastKnownFileType = sourcecode.c.h; path = ofxScratch.h; sourceTree = "<group>"; };
		216AAA5D156FBF90002E7A62 /* icon.icns */ = {isa = PBXFileReference; lastKnownFileType = image.icns; path = icon.icns; sourceTree = "<group>"; };
		216AAA62156FBFFF002E7A62 /* Instructions.txt */ = {isa = PBXFileReference; fileEncoding = 4; lastKnownFileType = text; path = Instructions.txt; sourceTree = "<group>"; };
		216AAA63156FBFFF002E7A62 /* install.xml */ = {isa = PBXFileReference; fileEncoding = 4; lastKnownFileType = text.xml; path = install.xml; sourceTree = "<group>"; };
		216AAA65156FBFFF002E7A62 /* ofxNetwork.h */ = {isa = PBXFileReference; fileEncoding = 4; lastKnownFileType = sourcecode.c.h; path = ofxNetwork.h; sourceTree = "<group>"; };
		216AAA66156FBFFF002E7A62 /* ofxNetworkUtils.h */ = {isa = PBXFileReference; fileEncoding = 4; lastKnownFileType = sourcecode.c.h; path = ofxNetworkUtils.h; sourceTree = "<group>"; };
		216AAA67156FBFFF002E7A62 /* ofxTCPClient.cpp */ = {isa = PBXFileReference; fileEncoding = 4; lastKnownFileType = sourcecode.cpp.cpp; path = ofxTCPClient.cpp; sourceTree = "<group>"; };
		216AAA68156FBFFF002E7A62 /* ofxTCPClient.h */ = {isa = PBXFileReference; fileEncoding = 4; lastKnownFileType = sourcecode.c.h; path = ofxTCPClient.h; sourceTree = "<group>"; };
		216AAA69156FBFFF002E7A62 /* ofxTCPManager.cpp */ = {isa = PBXFileReference; fileEncoding = 4; lastKnownFileType = sourcecode.cpp.cpp; path = ofxTCPManager.cpp; sourceTree = "<group>"; };
		216AAA6A156FBFFF002E7A62 /* ofxTCPManager.h */ = {isa = PBXFileReference; fileEncoding = 4; lastKnownFileType = sourcecode.c.h; path = ofxTCPManager.h; sourceTree = "<group>"; };
		216AAA6B156FBFFF002E7A62 /* ofxTCPServer.cpp */ = {isa = PBXFileReference; fileEncoding = 4; lastKnownFileType = sourcecode.cpp.cpp; path = ofxTCPServer.cpp; sourceTree = "<group>"; };
		216AAA6C156FBFFF002E7A62 /* ofxTCPServer.h */ = {isa = PBXFileReference; fileEncoding = 4; lastKnownFileType = sourcecode.c.h; path = ofxTCPServer.h; sourceTree = "<group>"; };
		216AAA6D156FBFFF002E7A62 /* ofxUDPManager.cpp */ = {isa = PBXFileReference; fileEncoding = 4; lastKnownFileType = sourcecode.cpp.cpp; path = ofxUDPManager.cpp; sourceTree = "<group>"; };
		216AAA6E156FBFFF002E7A62 /* ofxUDPManager.h */ = {isa = PBXFileReference; fileEncoding = 4; lastKnownFileType = sourcecode.c.h; path = ofxUDPManager.h; sourceTree = "<group>"; };
		216AAA71156FBFFF002E7A62 /* ofxThread.h */ = {isa = PBXFileReference; fileEncoding = 4; lastKnownFileType = sourcecode.c.h; path = ofxThread.h; sourceTree = "<group>"; };
		216AAA73156FBFFF002E7A62 /* install.xml */ = {isa = PBXFileReference; fileEncoding = 4; lastKnownFileType = text.xml; path = install.xml; sourceTree = "<group>"; };
		216AAA75156FBFFF002E7A62 /* tinyxml.cpp */ = {isa = PBXFileReference; fileEncoding = 4; lastKnownFileType = sourcecode.cpp.cpp; path = tinyxml.cpp; sourceTree = "<group>"; };
		216AAA76156FBFFF002E7A62 /* tinyxml.h */ = {isa = PBXFileReference; fileEncoding = 4; lastKnownFileType = sourcecode.c.h; path = tinyxml.h; sourceTree = "<group>"; };
		216AAA77156FBFFF002E7A62 /* tinyxmlerror.cpp */ = {isa = PBXFileReference; fileEncoding = 4; lastKnownFileType = sourcecode.cpp.cpp; path = tinyxmlerror.cpp; sourceTree = "<group>"; };
		216AAA78156FBFFF002E7A62 /* tinyxmlparser.cpp */ = {isa = PBXFileReference; fileEncoding = 4; lastKnownFileType = sourcecode.cpp.cpp; path = tinyxmlparser.cpp; sourceTree = "<group>"; };
		216AAA7A156FBFFF002E7A62 /* ofxXmlSettings.cpp */ = {isa = PBXFileReference; fileEncoding = 4; lastKnownFileType = sourcecode.cpp.cpp; path = ofxXmlSettings.cpp; sourceTree = "<group>"; };
		216AAA7B156FBFFF002E7A62 /* ofxXmlSettings.h */ = {isa = PBXFileReference; fileEncoding = 4; lastKnownFileType = sourcecode.c.h; path = ofxXmlSettings.h; sourceTree = "<group>"; };
		216F3581165E13DA00D62604 /* libusb.h */ = {isa = PBXFileReference; fileEncoding = 4; lastKnownFileType = sourcecode.c.h; path = libusb.h; sourceTree = "<group>"; };
		216F3583165E13DA00D62604 /* XnCommon.h */ = {isa = PBXFileReference; fileEncoding = 4; lastKnownFileType = sourcecode.c.h; path = XnCommon.h; sourceTree = "<group>"; };
		216F3584165E13DA00D62604 /* XnV3DVector.h */ = {isa = PBXFileReference; fileEncoding = 4; lastKnownFileType = sourcecode.c.h; path = XnV3DVector.h; sourceTree = "<group>"; };
		216F3585165E13DA00D62604 /* XnVActivationMessage.h */ = {isa = PBXFileReference; fileEncoding = 4; lastKnownFileType = sourcecode.c.h; path = XnVActivationMessage.h; sourceTree = "<group>"; };
		216F3586165E13DA00D62604 /* XnVBroadcaster.h */ = {isa = PBXFileReference; fileEncoding = 4; lastKnownFileType = sourcecode.c.h; path = XnVBroadcaster.h; sourceTree = "<group>"; };
		216F3587165E13DA00D62604 /* XnVCCMessage.h */ = {isa = PBXFileReference; fileEncoding = 4; lastKnownFileType = sourcecode.c.h; path = XnVCCMessage.h; sourceTree = "<group>"; };
		216F3588165E13DA00D62604 /* XnVCircle.h */ = {isa = PBXFileReference; fileEncoding = 4; lastKnownFileType = sourcecode.c.h; path = XnVCircle.h; sourceTree = "<group>"; };
		216F3589165E13DA00D62604 /* XnVCircleDetector.h */ = {isa = PBXFileReference; fileEncoding = 4; lastKnownFileType = sourcecode.c.h; path = XnVCircleDetector.h; sourceTree = "<group>"; };
		216F358A165E13DA00D62604 /* XnVClickableVirtualPlane.h */ = {isa = PBXFileReference; fileEncoding = 4; lastKnownFileType = sourcecode.c.h; path = XnVClickableVirtualPlane.h; sourceTree = "<group>"; };
		216F358B165E13DA00D62604 /* XnVComplexMessage.h */ = {isa = PBXFileReference; fileEncoding = 4; lastKnownFileType = sourcecode.c.h; path = XnVComplexMessage.h; sourceTree = "<group>"; };
		216F358C165E13DA00D62604 /* XnVDepthControl.h */ = {isa = PBXFileReference; fileEncoding = 4; lastKnownFileType = sourcecode.c.h; path = XnVDepthControl.h; sourceTree = "<group>"; };
		216F358D165E13DA00D62604 /* XnVDepthGenerator.h */ = {isa = PBXFileReference; fileEncoding = 4; lastKnownFileType = sourcecode.c.h; path = XnVDepthGenerator.h; sourceTree = "<group>"; };
		216F358E165E13DA00D62604 /* XnVDepthMessage.h */ = {isa = PBXFileReference; fileEncoding = 4; lastKnownFileType = sourcecode.c.h; path = XnVDepthMessage.h; sourceTree = "<group>"; };
		216F358F165E13DA00D62604 /* XnVDeviceControl.h */ = {isa = PBXFileReference; fileEncoding = 4; lastKnownFileType = sourcecode.c.h; path = XnVDeviceControl.h; sourceTree = "<group>"; };
		216F3590165E13DA00D62604 /* XnVDeviceFilter.h */ = {isa = PBXFileReference; fileEncoding = 4; lastKnownFileType = sourcecode.c.h; path = XnVDeviceFilter.h; sourceTree = "<group>"; };
		216F3591165E13DA00D62604 /* XnVDeviceGenerator.h */ = {isa = PBXFileReference; fileEncoding = 4; lastKnownFileType = sourcecode.c.h; path = XnVDeviceGenerator.h; sourceTree = "<group>"; };
		216F3592165E13DA00D62604 /* XnVDeviceMessage.h */ = {isa = PBXFileReference; fileEncoding = 4; lastKnownFileType = sourcecode.c.h; path = XnVDeviceMessage.h; sourceTree = "<group>"; };
		216F3593165E13DA00D62604 /* XnVDirection.h */ = {isa = PBXFileReference; fileEncoding = 4; lastKnownFileType = sourcecode.c.h; path = XnVDirection.h; sourceTree = "<group>"; };
		216F3594165E13DA00D62604 /* XnVFilter.h */ = {isa = PBXFileReference; fileEncoding = 4; lastKnownFileType = sourcecode.c.h; path = XnVFilter.h; sourceTree = "<group>"; };
		216F3595165E13DA00D62604 /* XnVFlowRouter.h */ = {isa = PBXFileReference; fileEncoding = 4; lastKnownFileType = sourcecode.c.h; path = XnVFlowRouter.h; sourceTree = "<group>"; };
		216F3596165E13DA00D62604 /* XnVGesture.h */ = {isa = PBXFileReference; fileEncoding = 4; lastKnownFileType = sourcecode.c.h; path = XnVGesture.h; sourceTree = "<group>"; };
		216F3597165E13DA00D62604 /* XnVHandle.h */ = {isa = PBXFileReference; fileEncoding = 4; lastKnownFileType = sourcecode.c.h; path = XnVHandle.h; sourceTree = "<group>"; };
		216F3598165E13DA00D62604 /* XnVHandPointContext.h */ = {isa = PBXFileReference; fileEncoding = 4; lastKnownFileType = sourcecode.c.h; path = XnVHandPointContext.h; sourceTree = "<group>"; };
		216F3599165E13DA00D62604 /* XnVImageGenerator.h */ = {isa = PBXFileReference; fileEncoding = 4; lastKnownFileType = sourcecode.c.h; path = XnVImageGenerator.h; sourceTree = "<group>"; };
		216F359A165E13DA00D62604 /* XnVImageMessage.h */ = {isa = PBXFileReference; fileEncoding = 4; lastKnownFileType = sourcecode.c.h; path = XnVImageMessage.h; sourceTree = "<group>"; };
		216F359B165E13DA00D62604 /* XnVMathCommon.h */ = {isa = PBXFileReference; fileEncoding = 4; lastKnownFileType = sourcecode.c.h; path = XnVMathCommon.h; sourceTree = "<group>"; };
		216F359C165E13DA00D62604 /* XnVMessage.h */ = {isa = PBXFileReference; fileEncoding = 4; lastKnownFileType = sourcecode.c.h; path = XnVMessage.h; sourceTree = "<group>"; };
		216F359D165E13DA00D62604 /* XnVMessageGenerator.h */ = {isa = PBXFileReference; fileEncoding = 4; lastKnownFileType = sourcecode.c.h; path = XnVMessageGenerator.h; sourceTree = "<group>"; };
		216F359E165E13DA00D62604 /* XnVMessageListener.h */ = {isa = PBXFileReference; fileEncoding = 4; lastKnownFileType = sourcecode.c.h; path = XnVMessageListener.h; sourceTree = "<group>"; };
		216F359F165E13DA00D62604 /* XnVMessageMux.h */ = {isa = PBXFileReference; fileEncoding = 4; lastKnownFileType = sourcecode.c.h; path = XnVMessageMux.h; sourceTree = "<group>"; };
		216F35A0165E13DA00D62604 /* XnVMultiItemHysteresis1D.h */ = {isa = PBXFileReference; fileEncoding = 4; lastKnownFileType = sourcecode.c.h; path = XnVMultiItemHysteresis1D.h; sourceTree = "<group>"; };
		216F35A1165E13DA00D62604 /* XnVMultiItemHysteresis2D.h */ = {isa = PBXFileReference; fileEncoding = 4; lastKnownFileType = sourcecode.c.h; path = XnVMultiItemHysteresis2D.h; sourceTree = "<group>"; };
		216F35A2165E13DA00D62604 /* XnVMultipleHands.h */ = {isa = PBXFileReference; fileEncoding = 4; lastKnownFileType = sourcecode.c.h; path = XnVMultipleHands.h; sourceTree = "<group>"; };
		216F35A3165E13DA00D62604 /* XnVMultiProcessFlowClient.h */ = {isa = PBXFileReference; fileEncoding = 4; lastKnownFileType = sourcecode.c.h; path = XnVMultiProcessFlowClient.h; sourceTree = "<group>"; };
		216F35A4165E13DA00D62604 /* XnVMultiProcessFlowServer.h */ = {isa = PBXFileReference; fileEncoding = 4; lastKnownFileType = sourcecode.c.h; path = XnVMultiProcessFlowServer.h; sourceTree = "<group>"; };
		216F35A5165E13DA00D62604 /* XnVNite.h */ = {isa = PBXFileReference; fileEncoding = 4; lastKnownFileType = sourcecode.c.h; path = XnVNite.h; sourceTree = "<group>"; };
		216F35A6165E13DA00D62604 /* XnVNiteControls.h */ = {isa = PBXFileReference; fileEncoding = 4; lastKnownFileType = sourcecode.c.h; path = XnVNiteControls.h; sourceTree = "<group>"; };
		216F35A7165E13DA00D62604 /* XnVNiteDefs.h */ = {isa = PBXFileReference; fileEncoding = 4; lastKnownFileType = sourcecode.c.h; path = XnVNiteDefs.h; sourceTree = "<group>"; };
		216F35A8165E13DA00D62604 /* XnVNiteFramework.h */ = {isa = PBXFileReference; fileEncoding = 4; lastKnownFileType = sourcecode.c.h; path = XnVNiteFramework.h; sourceTree = "<group>"; };
		216F35A9165E13DA00D62604 /* XnVNiteLog.h */ = {isa = PBXFileReference; fileEncoding = 4; lastKnownFileType = sourcecode.c.h; path = XnVNiteLog.h; sourceTree = "<group>"; };
		216F35AA165E13DA00D62604 /* XnVNiteStatus.h */ = {isa = PBXFileReference; fileEncoding = 4; lastKnownFileType = sourcecode.c.h; path = XnVNiteStatus.h; sourceTree = "<group>"; };
		216F35AB165E13DA00D62604 /* XnVNiteVersion.h */ = {isa = PBXFileReference; fileEncoding = 4; lastKnownFileType = sourcecode.c.h; path = XnVNiteVersion.h; sourceTree = "<group>"; };
		216F35AC165E13DA00D62604 /* XnVPointArea.h */ = {isa = PBXFileReference; fileEncoding = 4; lastKnownFileType = sourcecode.c.h; path = XnVPointArea.h; sourceTree = "<group>"; };
		216F35AD165E13DA00D62604 /* XnVPointControl.h */ = {isa = PBXFileReference; fileEncoding = 4; lastKnownFileType = sourcecode.c.h; path = XnVPointControl.h; sourceTree = "<group>"; };
		216F35AE165E13DA00D62604 /* XnVPointDenoiser.h */ = {isa = PBXFileReference; fileEncoding = 4; lastKnownFileType = sourcecode.c.h; path = XnVPointDenoiser.h; sourceTree = "<group>"; };
		216F35AF165E13DA00D62604 /* XnVPointFilter.h */ = {isa = PBXFileReference; fileEncoding = 4; lastKnownFileType = sourcecode.c.h; path = XnVPointFilter.h; sourceTree = "<group>"; };
		216F35B0165E13DA00D62604 /* XnVPointMessage.h */ = {isa = PBXFileReference; fileEncoding = 4; lastKnownFileType = sourcecode.c.h; path = XnVPointMessage.h; sourceTree = "<group>"; };
		216F35B1165E13DA00D62604 /* XnVPointTracker.h */ = {isa = PBXFileReference; fileEncoding = 4; lastKnownFileType = sourcecode.c.h; path = XnVPointTracker.h; sourceTree = "<group>"; };
		216F35B2165E13DA00D62604 /* XnVPushDetector.h */ = {isa = PBXFileReference; fileEncoding = 4; lastKnownFileType = sourcecode.c.h; path = XnVPushDetector.h; sourceTree = "<group>"; };
		216F35B3165E13DA00D62604 /* XnVSelectableSlider1D.h */ = {isa = PBXFileReference; fileEncoding = 4; lastKnownFileType = sourcecode.c.h; path = XnVSelectableSlider1D.h; sourceTree = "<group>"; };
		216F35B4165E13DA00D62604 /* XnVSelectableSlider2D.h */ = {isa = PBXFileReference; fileEncoding = 4; lastKnownFileType = sourcecode.c.h; path = XnVSelectableSlider2D.h; sourceTree = "<group>"; };
		216F35B5165E13DA00D62604 /* XnVSessionGenerator.h */ = {isa = PBXFileReference; fileEncoding = 4; lastKnownFileType = sourcecode.c.h; path = XnVSessionGenerator.h; sourceTree = "<group>"; };
		216F35B6165E13DA00D62604 /* XnVSessionListener.h */ = {isa = PBXFileReference; fileEncoding = 4; lastKnownFileType = sourcecode.c.h; path = XnVSessionListener.h; sourceTree = "<group>"; };
		216F35B7165E13DA00D62604 /* XnVSessionManager.h */ = {isa = PBXFileReference; fileEncoding = 4; lastKnownFileType = sourcecode.c.h; path = XnVSessionManager.h; sourceTree = "<group>"; };
		216F35B8165E13DA00D62604 /* XnVSessionMessage.h */ = {isa = PBXFileReference; fileEncoding = 4; lastKnownFileType = sourcecode.c.h; path = XnVSessionMessage.h; sourceTree = "<group>"; };
		216F35B9165E13DA00D62604 /* XnVSlider1D.h */ = {isa = PBXFileReference; fileEncoding = 4; lastKnownFileType = sourcecode.c.h; path = XnVSlider1D.h; sourceTree = "<group>"; };
		216F35BA165E13DA00D62604 /* XnVSlider2D.h */ = {isa = PBXFileReference; fileEncoding = 4; lastKnownFileType = sourcecode.c.h; path = XnVSlider2D.h; sourceTree = "<group>"; };
		216F35BB165E13DA00D62604 /* XnVSlider3D.h */ = {isa = PBXFileReference; fileEncoding = 4; lastKnownFileType = sourcecode.c.h; path = XnVSlider3D.h; sourceTree = "<group>"; };
		216F35BC165E13DA00D62604 /* XnVSteadyDetector.h */ = {isa = PBXFileReference; fileEncoding = 4; lastKnownFileType = sourcecode.c.h; path = XnVSteadyDetector.h; sourceTree = "<group>"; };
		216F35BD165E13DA00D62604 /* XnVSwipeDetector.h */ = {isa = PBXFileReference; fileEncoding = 4; lastKnownFileType = sourcecode.c.h; path = XnVSwipeDetector.h; sourceTree = "<group>"; };
		216F35BE165E13DA00D62604 /* XnVVirtualCoordinates.h */ = {isa = PBXFileReference; fileEncoding = 4; lastKnownFileType = sourcecode.c.h; path = XnVVirtualCoordinates.h; sourceTree = "<group>"; };
		216F35BF165E13DA00D62604 /* XnVWaveDetector.h */ = {isa = PBXFileReference; fileEncoding = 4; lastKnownFileType = sourcecode.c.h; path = XnVWaveDetector.h; sourceTree = "<group>"; };
		216F35C2165E13DA00D62604 /* XnPlatformAndroid-Arm.h */ = {isa = PBXFileReference; fileEncoding = 4; lastKnownFileType = sourcecode.c.h; path = "XnPlatformAndroid-Arm.h"; sourceTree = "<group>"; };
		216F35C4165E13DA00D62604 /* XnOSARC.h */ = {isa = PBXFileReference; fileEncoding = 4; lastKnownFileType = sourcecode.c.h; path = XnOSARC.h; sourceTree = "<group>"; };
		216F35C5165E13DA00D62604 /* XnPlatformARC.h */ = {isa = PBXFileReference; fileEncoding = 4; lastKnownFileType = sourcecode.c.h; path = XnPlatformARC.h; sourceTree = "<group>"; };
		216F35C6165E13DA00D62604 /* IXnNodeAllocator.h */ = {isa = PBXFileReference; fileEncoding = 4; lastKnownFileType = sourcecode.c.h; path = IXnNodeAllocator.h; sourceTree = "<group>"; };
		216F35C8165E13DA00D62604 /* XnPlatformLinux-Arm.h */ = {isa = PBXFileReference; fileEncoding = 4; lastKnownFileType = sourcecode.c.h; path = "XnPlatformLinux-Arm.h"; sourceTree = "<group>"; };
		216F35CA165E13DA00D62604 /* XnOSLinux-x86.h */ = {isa = PBXFileReference; fileEncoding = 4; lastKnownFileType = sourcecode.c.h; path = "XnOSLinux-x86.h"; sourceTree = "<group>"; };
		216F35CB165E13DA00D62604 /* XnPlatformLinux-x86.h */ = {isa = PBXFileReference; fileEncoding = 4; lastKnownFileType = sourcecode.c.h; path = "XnPlatformLinux-x86.h"; sourceTree = "<group>"; };
		216F35CD165E13DA00D62604 /* XnPlatformMacOSX.h */ = {isa = PBXFileReference; fileEncoding = 4; lastKnownFileType = sourcecode.c.h; path = XnPlatformMacOSX.h; sourceTree = "<group>"; };
		216F35CF165E13DA00D62604 /* usb100.h */ = {isa = PBXFileReference; fileEncoding = 4; lastKnownFileType = sourcecode.c.h; path = usb100.h; sourceTree = "<group>"; };
		216F35D0165E13DA00D62604 /* XnOSWin32.h */ = {isa = PBXFileReference; fileEncoding = 4; lastKnownFileType = sourcecode.c.h; path = XnOSWin32.h; sourceTree = "<group>"; };
		216F35D1165E13DA00D62604 /* XnPlatformWin32.h */ = {isa = PBXFileReference; fileEncoding = 4; lastKnownFileType = sourcecode.c.h; path = XnPlatformWin32.h; sourceTree = "<group>"; };
		216F35D2165E13DA00D62604 /* XnAlgorithms.h */ = {isa = PBXFileReference; fileEncoding = 4; lastKnownFileType = sourcecode.c.h; path = XnAlgorithms.h; sourceTree = "<group>"; };
		216F35D3165E13DA00D62604 /* XnArray.h */ = {isa = PBXFileReference; fileEncoding = 4; lastKnownFileType = sourcecode.c.h; path = XnArray.h; sourceTree = "<group>"; };
		216F35D4165E13DA00D62604 /* XnBaseNode.h */ = {isa = PBXFileReference; fileEncoding = 4; lastKnownFileType = sourcecode.c.h; path = XnBaseNode.h; sourceTree = "<group>"; };
		216F35D5165E13DA00D62604 /* XnBitSet.h */ = {isa = PBXFileReference; fileEncoding = 4; lastKnownFileType = sourcecode.c.h; path = XnBitSet.h; sourceTree = "<group>"; };
		216F35D6165E13DA00D62604 /* XnCallback.h */ = {isa = PBXFileReference; fileEncoding = 4; lastKnownFileType = sourcecode.c.h; path = XnCallback.h; sourceTree = "<group>"; };
		216F35D7165E13DA00D62604 /* XnCodecIDs.h */ = {isa = PBXFileReference; fileEncoding = 4; lastKnownFileType = sourcecode.c.h; path = XnCodecIDs.h; sourceTree = "<group>"; };
		216F35D8165E13DA00D62604 /* XnContext.h */ = {isa = PBXFileReference; fileEncoding = 4; lastKnownFileType = sourcecode.c.h; path = XnContext.h; sourceTree = "<group>"; };
		216F35D9165E13DA00D62604 /* XnCppWrapper.h */ = {isa = PBXFileReference; fileEncoding = 4; lastKnownFileType = sourcecode.c.h; path = XnCppWrapper.h; sourceTree = "<group>"; };
		216F35DA165E13DA00D62604 /* XnDataTypes.h */ = {isa = PBXFileReference; fileEncoding = 4; lastKnownFileType = sourcecode.c.h; path = XnDataTypes.h; sourceTree = "<group>"; };
		216F35DB165E13DA00D62604 /* XnDerivedCast.h */ = {isa = PBXFileReference; fileEncoding = 4; lastKnownFileType = sourcecode.c.h; path = XnDerivedCast.h; sourceTree = "<group>"; };
		216F35DC165E13DA00D62604 /* XnDump.h */ = {isa = PBXFileReference; fileEncoding = 4; lastKnownFileType = sourcecode.c.h; path = XnDump.h; sourceTree = "<group>"; };
		216F35DD165E13DA00D62604 /* XnDumpWriters.h */ = {isa = PBXFileReference; fileEncoding = 4; lastKnownFileType = sourcecode.c.h; path = XnDumpWriters.h; sourceTree = "<group>"; };
		216F35DE165E13DA00D62604 /* XnEnumerationErrors.h */ = {isa = PBXFileReference; fileEncoding = 4; lastKnownFileType = sourcecode.c.h; path = XnEnumerationErrors.h; sourceTree = "<group>"; };
		216F35DF165E13DA00D62604 /* XnEvent.h */ = {isa = PBXFileReference; fileEncoding = 4; lastKnownFileType = sourcecode.c.h; path = XnEvent.h; sourceTree = "<group>"; };
		216F35E0165E13DA00D62604 /* XnFPSCalculator.h */ = {isa = PBXFileReference; fileEncoding = 4; lastKnownFileType = sourcecode.c.h; path = XnFPSCalculator.h; sourceTree = "<group>"; };
		216F35E1165E13DA00D62604 /* XnGeneralBuffer.h */ = {isa = PBXFileReference; fileEncoding = 4; lastKnownFileType = sourcecode.c.h; path = XnGeneralBuffer.h; sourceTree = "<group>"; };
		216F35E2165E13DA00D62604 /* XnHash.h */ = {isa = PBXFileReference; fileEncoding = 4; lastKnownFileType = sourcecode.c.h; path = XnHash.h; sourceTree = "<group>"; };
		216F35E3165E13DA00D62604 /* XnInternalDefs.h */ = {isa = PBXFileReference; fileEncoding = 4; lastKnownFileType = sourcecode.c.h; path = XnInternalDefs.h; sourceTree = "<group>"; };
		216F35E4165E13DA00D62604 /* XnLicensing.h */ = {isa = PBXFileReference; fileEncoding = 4; lastKnownFileType = sourcecode.c.h; path = XnLicensing.h; sourceTree = "<group>"; };
		216F35E5165E13DA00D62604 /* XnList.h */ = {isa = PBXFileReference; fileEncoding = 4; lastKnownFileType = sourcecode.c.h; path = XnList.h; sourceTree = "<group>"; };
		216F35E6165E13DA00D62604 /* XnLog.h */ = {isa = PBXFileReference; fileEncoding = 4; lastKnownFileType = sourcecode.c.h; path = XnLog.h; sourceTree = "<group>"; };
		216F35E7165E13DA00D62604 /* XnLogTypes.h */ = {isa = PBXFileReference; fileEncoding = 4; lastKnownFileType = sourcecode.c.h; path = XnLogTypes.h; sourceTree = "<group>"; };
		216F35E8165E13DA00D62604 /* XnLogWriterBase.h */ = {isa = PBXFileReference; fileEncoding = 4; lastKnownFileType = sourcecode.c.h; path = XnLogWriterBase.h; sourceTree = "<group>"; };
		216F35E9165E13DA00D62604 /* XnMacros.h */ = {isa = PBXFileReference; fileEncoding = 4; lastKnownFileType = sourcecode.c.h; path = XnMacros.h; sourceTree = "<group>"; };
		216F35EA165E13DA00D62604 /* XnModuleCFunctions.h */ = {isa = PBXFileReference; fileEncoding = 4; lastKnownFileType = sourcecode.c.h; path = XnModuleCFunctions.h; sourceTree = "<group>"; };
		216F35EB165E13DA00D62604 /* XnModuleCppInterface.h */ = {isa = PBXFileReference; fileEncoding = 4; lastKnownFileType = sourcecode.c.h; path = XnModuleCppInterface.h; sourceTree = "<group>"; };
		216F35EC165E13DA00D62604 /* XnModuleCppRegistratration.h */ = {isa = PBXFileReference; fileEncoding = 4; lastKnownFileType = sourcecode.c.h; path = XnModuleCppRegistratration.h; sourceTree = "<group>"; };
		216F35ED165E13DA00D62604 /* XnModuleInterface.h */ = {isa = PBXFileReference; fileEncoding = 4; lastKnownFileType = sourcecode.c.h; path = XnModuleInterface.h; sourceTree = "<group>"; };
		216F35EE165E13DA00D62604 /* XnNode.h */ = {isa = PBXFileReference; fileEncoding = 4; lastKnownFileType = sourcecode.c.h; path = XnNode.h; sourceTree = "<group>"; };
		216F35EF165E13DA00D62604 /* XnNodeAllocator.h */ = {isa = PBXFileReference; fileEncoding = 4; lastKnownFileType = sourcecode.c.h; path = XnNodeAllocator.h; sourceTree = "<group>"; };
		216F35F0165E13DA00D62604 /* XnOpenNI.h */ = {isa = PBXFileReference; fileEncoding = 4; lastKnownFileType = sourcecode.c.h; path = XnOpenNI.h; sourceTree = "<group>"; };
		216F35F1165E13DA00D62604 /* XnOS.h */ = {isa = PBXFileReference; fileEncoding = 4; lastKnownFileType = sourcecode.c.h; path = XnOS.h; sourceTree = "<group>"; };
		216F35F2165E13DA00D62604 /* XnOSCpp.h */ = {isa = PBXFileReference; fileEncoding = 4; lastKnownFileType = sourcecode.c.h; path = XnOSCpp.h; sourceTree = "<group>"; };
		216F35F3165E13DA00D62604 /* XnOSMemory.h */ = {isa = PBXFileReference; fileEncoding = 4; lastKnownFileType = sourcecode.c.h; path = XnOSMemory.h; sourceTree = "<group>"; };
		216F35F4165E13DA00D62604 /* XnOSStrings.h */ = {isa = PBXFileReference; fileEncoding = 4; lastKnownFileType = sourcecode.c.h; path = XnOSStrings.h; sourceTree = "<group>"; };
		216F35F5165E13DA00D62604 /* XnPlatform.h */ = {isa = PBXFileReference; fileEncoding = 4; lastKnownFileType = sourcecode.c.h; path = XnPlatform.h; sourceTree = "<group>"; };
		216F35F6165E13DA00D62604 /* XnPrdNode.h */ = {isa = PBXFileReference; fileEncoding = 4; lastKnownFileType = sourcecode.c.h; path = XnPrdNode.h; sourceTree = "<group>"; };
		216F35F7165E13DA00D62604 /* XnPrdNodeInfo.h */ = {isa = PBXFileReference; fileEncoding = 4; lastKnownFileType = sourcecode.c.h; path = XnPrdNodeInfo.h; sourceTree = "<group>"; };
		216F35F8165E13DA00D62604 /* XnPrdNodeInfoList.h */ = {isa = PBXFileReference; fileEncoding = 4; lastKnownFileType = sourcecode.c.h; path = XnPrdNodeInfoList.h; sourceTree = "<group>"; };
		216F35F9165E13DA00D62604 /* XnProfiling.h */ = {isa = PBXFileReference; fileEncoding = 4; lastKnownFileType = sourcecode.c.h; path = XnProfiling.h; sourceTree = "<group>"; };
		216F35FA165E13DA00D62604 /* XnPropNames.h */ = {isa = PBXFileReference; fileEncoding = 4; lastKnownFileType = sourcecode.c.h; path = XnPropNames.h; sourceTree = "<group>"; };
		216F35FB165E13DA00D62604 /* XnQueries.h */ = {isa = PBXFileReference; fileEncoding = 4; lastKnownFileType = sourcecode.c.h; path = XnQueries.h; sourceTree = "<group>"; };
		216F35FC165E13DA00D62604 /* XnQueue.h */ = {isa = PBXFileReference; fileEncoding = 4; lastKnownFileType = sourcecode.c.h; path = XnQueue.h; sourceTree = "<group>"; };
		216F35FD165E13DA00D62604 /* XnScheduler.h */ = {isa = PBXFileReference; fileEncoding = 4; lastKnownFileType = sourcecode.c.h; path = XnScheduler.h; sourceTree = "<group>"; };
		216F35FE165E13DA00D62604 /* XnStack.h */ = {isa = PBXFileReference; fileEncoding = 4; lastKnownFileType = sourcecode.c.h; path = XnStack.h; sourceTree = "<group>"; };
		216F35FF165E13DA00D62604 /* XnStatus.h */ = {isa = PBXFileReference; fileEncoding = 4; lastKnownFileType = sourcecode.c.h; path = XnStatus.h; sourceTree = "<group>"; };
		216F3600165E13DA00D62604 /* XnStatusCodes.h */ = {isa = PBXFileReference; fileEncoding = 4; lastKnownFileType = sourcecode.c.h; path = XnStatusCodes.h; sourceTree = "<group>"; };
		216F3601165E13DA00D62604 /* XnStatusRegister.h */ = {isa = PBXFileReference; fileEncoding = 4; lastKnownFileType = sourcecode.c.h; path = XnStatusRegister.h; sourceTree = "<group>"; };
		216F3602165E13DA00D62604 /* XnStringsHash.h */ = {isa = PBXFileReference; fileEncoding = 4; lastKnownFileType = sourcecode.c.h; path = XnStringsHash.h; sourceTree = "<group>"; };
		216F3603165E13DA00D62604 /* XnThreadSafeQueue.h */ = {isa = PBXFileReference; fileEncoding = 4; lastKnownFileType = sourcecode.c.h; path = XnThreadSafeQueue.h; sourceTree = "<group>"; };
		216F3604165E13DA00D62604 /* XnTypes.h */ = {isa = PBXFileReference; fileEncoding = 4; lastKnownFileType = sourcecode.c.h; path = XnTypes.h; sourceTree = "<group>"; };
		216F3605165E13DA00D62604 /* XnUSB.h */ = {isa = PBXFileReference; fileEncoding = 4; lastKnownFileType = sourcecode.c.h; path = XnUSB.h; sourceTree = "<group>"; };
		216F3606165E13DA00D62604 /* XnUSBDevice.h */ = {isa = PBXFileReference; fileEncoding = 4; lastKnownFileType = sourcecode.c.h; path = XnUSBDevice.h; sourceTree = "<group>"; };
		216F3607165E13DA00D62604 /* XnUtils.h */ = {isa = PBXFileReference; fileEncoding = 4; lastKnownFileType = sourcecode.c.h; path = XnUtils.h; sourceTree = "<group>"; };
		216F3608165E13DA00D62604 /* XnVersion.h */ = {isa = PBXFileReference; fileEncoding = 4; lastKnownFileType = sourcecode.c.h; path = XnVersion.h; sourceTree = "<group>"; };
		216F360E165E13DA00D62604 /* change_exec_paths.sh */ = {isa = PBXFileReference; fileEncoding = 4; lastKnownFileType = text.script.sh; path = change_exec_paths.sh; sourceTree = "<group>"; };
		216F360F165E13DA00D62604 /* libnimCodecs.dylib */ = {isa = PBXFileReference; lastKnownFileType = "compiled.mach-o.dylib"; path = libnimCodecs.dylib; sourceTree = "<group>"; };
		216F3610165E13DA00D62604 /* libnimMockNodes.dylib */ = {isa = PBXFileReference; lastKnownFileType = "compiled.mach-o.dylib"; path = libnimMockNodes.dylib; sourceTree = "<group>"; };
		216F3611165E13DA00D62604 /* libnimRecorder.dylib */ = {isa = PBXFileReference; lastKnownFileType = "compiled.mach-o.dylib"; path = libnimRecorder.dylib; sourceTree = "<group>"; };
		216F3612165E13DA00D62604 /* libOpenNI.dylib */ = {isa = PBXFileReference; lastKnownFileType = "compiled.mach-o.dylib"; path = libOpenNI.dylib; sourceTree = "<group>"; };
		216F3613165E13DA00D62604 /* libusb-1.0.0.dylib */ = {isa = PBXFileReference; lastKnownFileType = "compiled.mach-o.dylib"; path = "libusb-1.0.0.dylib"; sourceTree = "<group>"; };
		216F3614165E13DA00D62604 /* libXnCore.dylib */ = {isa = PBXFileReference; lastKnownFileType = "compiled.mach-o.dylib"; path = libXnCore.dylib; sourceTree = "<group>"; };
		216F3615165E13DA00D62604 /* libXnDDK.dylib */ = {isa = PBXFileReference; lastKnownFileType = "compiled.mach-o.dylib"; path = libXnDDK.dylib; sourceTree = "<group>"; };
		216F3616165E13DA00D62604 /* libXnDeviceFile.dylib */ = {isa = PBXFileReference; lastKnownFileType = "compiled.mach-o.dylib"; path = libXnDeviceFile.dylib; sourceTree = "<group>"; };
		216F3617165E13DA00D62604 /* libXnDeviceSensorV2KM.dylib */ = {isa = PBXFileReference; lastKnownFileType = "compiled.mach-o.dylib"; path = libXnDeviceSensorV2KM.dylib; sourceTree = "<group>"; };
		216F3618165E13DA00D62604 /* libXnFormats.dylib */ = {isa = PBXFileReference; lastKnownFileType = "compiled.mach-o.dylib"; path = libXnFormats.dylib; sourceTree = "<group>"; };
		216F3619165E13DA00D62604 /* libXnVCNITE_1_5_2.dylib */ = {isa = PBXFileReference; lastKnownFileType = "compiled.mach-o.dylib"; path = libXnVCNITE_1_5_2.dylib; sourceTree = "<group>"; };
		216F361A165E13DA00D62604 /* libXnVFeatures_1_5_2.dylib */ = {isa = PBXFileReference; lastKnownFileType = "compiled.mach-o.dylib"; path = libXnVFeatures_1_5_2.dylib; sourceTree = "<group>"; };
		216F361B165E13DA00D62604 /* libXnVHandGenerator_1_5_2.dylib */ = {isa = PBXFileReference; lastKnownFileType = "compiled.mach-o.dylib"; path = libXnVHandGenerator_1_5_2.dylib; sourceTree = "<group>"; };
		216F361C165E13DA00D62604 /* libXnVNite_1_5_2.dylib */ = {isa = PBXFileReference; lastKnownFileType = "compiled.mach-o.dylib"; path = libXnVNite_1_5_2.dylib; sourceTree = "<group>"; };
		216F361F165E13DA00D62604 /* ofxOpenNI.cpp */ = {isa = PBXFileReference; fileEncoding = 4; lastKnownFileType = sourcecode.cpp.cpp; path = ofxOpenNI.cpp; sourceTree = "<group>"; };
		216F3620165E13DA00D62604 /* ofxOpenNI.h */ = {isa = PBXFileReference; fileEncoding = 4; lastKnownFileType = sourcecode.c.h; path = ofxOpenNI.h; sourceTree = "<group>"; };
		216F3621165E13DA00D62604 /* ofxOpenNITypes.cpp */ = {isa = PBXFileReference; fileEncoding = 4; lastKnownFileType = sourcecode.cpp.cpp; path = ofxOpenNITypes.cpp; sourceTree = "<group>"; };
		216F3622165E13DA00D62604 /* ofxOpenNITypes.h */ = {isa = PBXFileReference; fileEncoding = 4; lastKnownFileType = sourcecode.c.h; path = ofxOpenNITypes.h; sourceTree = "<group>"; };
		216F3623165E13DA00D62604 /* ofxOpenNIUtils.h */ = {isa = PBXFileReference; fileEncoding = 4; lastKnownFileType = sourcecode.c.h; path = ofxOpenNIUtils.h; sourceTree = "<group>"; };
		216F36CF165E320600D62604 /* lbsdata.idx */ = {isa = PBXFileReference; lastKnownFileType = file; path = lbsdata.idx; sourceTree = "<group>"; };
		216F36D0165E320600D62604 /* lbsdata.lbd */ = {isa = PBXFileReference; lastKnownFileType = file; path = lbsdata.lbd; sourceTree = "<group>"; };
		216F36D1165E320600D62604 /* lbsparam1.lbd */ = {isa = PBXFileReference; lastKnownFileType = file; path = lbsparam1.lbd; sourceTree = "<group>"; };
		216F36D2165E320600D62604 /* lbsparam2.lbd */ = {isa = PBXFileReference; lastKnownFileType = file; path = lbsparam2.lbd; sourceTree = "<group>"; };
		216F36D3165E320600D62604 /* FeatureExtraction.ini */ = {isa = PBXFileReference; fileEncoding = 4; lastKnownFileType = text; path = FeatureExtraction.ini; sourceTree = "<group>"; };
		216F36D4165E320600D62604 /* GlobalDefaultsKinect.ini */ = {isa = PBXFileReference; fileEncoding = 4; lastKnownFileType = text; path = GlobalDefaultsKinect.ini; sourceTree = "<group>"; };
		216F36D5165E320600D62604 /* h.dat */ = {isa = PBXFileReference; lastKnownFileType = file; path = h.dat; sourceTree = "<group>"; };
		216F36D6165E320600D62604 /* licenses.xml */ = {isa = PBXFileReference; fileEncoding = 4; lastKnownFileType = text.xml; path = licenses.xml; sourceTree = "<group>"; };
		216F36D7165E320600D62604 /* modules.xml */ = {isa = PBXFileReference; fileEncoding = 4; lastKnownFileType = text.xml; path = modules.xml; sourceTree = "<group>"; };
		216F36D8165E320600D62604 /* Nite.ini */ = {isa = PBXFileReference; fileEncoding = 4; lastKnownFileType = text; path = Nite.ini; sourceTree = "<group>"; };
		216F36D9165E320600D62604 /* ofxopenni_config.xml */ = {isa = PBXFileReference; fileEncoding = 4; lastKnownFileType = text.xml; path = ofxopenni_config.xml; sourceTree = "<group>"; };
		216F36DA165E320600D62604 /* s.dat */ = {isa = PBXFileReference; lastKnownFileType = file; path = s.dat; sourceTree = "<group>"; };
		216F36DB165E320600D62604 /* SamplesConfig.xml */ = {isa = PBXFileReference; fileEncoding = 4; lastKnownFileType = text.xml; path = SamplesConfig.xml; sourceTree = "<group>"; };
		216F36DC165E320600D62604 /* SceneServer.ini */ = {isa = PBXFileReference; fileEncoding = 4; lastKnownFileType = text; path = SceneServer.ini; sourceTree = "<group>"; };
		21819FDB16387FA600336015 /* ofOscParameter.h */ = {isa = PBXFileReference; fileEncoding = 4; lastKnownFileType = sourcecode.c.h; path = ofOscParameter.h; sourceTree = "<group>"; };
		21819FDC16387FA600336015 /* ofParameter.h */ = {isa = PBXFileReference; fileEncoding = 4; lastKnownFileType = sourcecode.c.h; path = ofParameter.h; sourceTree = "<group>"; };
		21819FDD16387FA600336015 /* ofxBaseGui.cpp */ = {isa = PBXFileReference; fileEncoding = 4; lastKnownFileType = sourcecode.cpp.cpp; path = ofxBaseGui.cpp; sourceTree = "<group>"; };
		21819FDE16387FA600336015 /* ofxBaseGui.h */ = {isa = PBXFileReference; fileEncoding = 4; lastKnownFileType = sourcecode.c.h; path = ofxBaseGui.h; sourceTree = "<group>"; };
		21819FDF16387FA600336015 /* ofxButton.cpp */ = {isa = PBXFileReference; fileEncoding = 4; lastKnownFileType = sourcecode.cpp.cpp; path = ofxButton.cpp; sourceTree = "<group>"; };
		21819FE016387FA600336015 /* ofxButton.h */ = {isa = PBXFileReference; fileEncoding = 4; lastKnownFileType = sourcecode.c.h; path = ofxButton.h; sourceTree = "<group>"; };
		21819FE116387FA600336015 /* ofxGui.h */ = {isa = PBXFileReference; fileEncoding = 4; lastKnownFileType = sourcecode.c.h; path = ofxGui.h; sourceTree = "<group>"; };
		21819FE216387FA600336015 /* ofxLabel.cpp */ = {isa = PBXFileReference; fileEncoding = 4; lastKnownFileType = sourcecode.cpp.cpp; path = ofxLabel.cpp; sourceTree = "<group>"; };
		21819FE316387FA600336015 /* ofxLabel.h */ = {isa = PBXFileReference; fileEncoding = 4; lastKnownFileType = sourcecode.c.h; path = ofxLabel.h; sourceTree = "<group>"; };
		21819FE416387FA600336015 /* ofxPanel.cpp */ = {isa = PBXFileReference; fileEncoding = 4; lastKnownFileType = sourcecode.cpp.cpp; path = ofxPanel.cpp; sourceTree = "<group>"; };
		21819FE516387FA600336015 /* ofxPanel.h */ = {isa = PBXFileReference; fileEncoding = 4; lastKnownFileType = sourcecode.c.h; path = ofxPanel.h; sourceTree = "<group>"; };
		21819FE616387FA600336015 /* ofxSlider.cpp */ = {isa = PBXFileReference; fileEncoding = 4; lastKnownFileType = sourcecode.cpp.cpp; path = ofxSlider.cpp; sourceTree = "<group>"; };
		21819FE716387FA600336015 /* ofxSlider.h */ = {isa = PBXFileReference; fileEncoding = 4; lastKnownFileType = sourcecode.c.h; path = ofxSlider.h; sourceTree = "<group>"; };
		21819FE816387FA600336015 /* ofxToggle.cpp */ = {isa = PBXFileReference; fileEncoding = 4; lastKnownFileType = sourcecode.cpp.cpp; path = ofxToggle.cpp; sourceTree = "<group>"; };
		21819FE916387FA600336015 /* ofxToggle.h */ = {isa = PBXFileReference; fileEncoding = 4; lastKnownFileType = sourcecode.c.h; path = ofxToggle.h; sourceTree = "<group>"; };
		21C22E3515C286400075A106 /* Kinect2Scratch4Mac.app */ = {isa = PBXFileReference; explicitFileType = wrapper.application; includeInIndex = 0; path = Kinect2Scratch4Mac.app; sourceTree = BUILT_PRODUCTS_DIR; };
		BBAB23BE13894E4700AA2426 /* GLUT.framework */ = {isa = PBXFileReference; lastKnownFileType = wrapper.framework; name = GLUT.framework; path = ../../../libs/glut/lib/osx/GLUT.framework; sourceTree = "<group>"; };
		E4328143138ABC890047C5CB /* openFrameworksLib.xcodeproj */ = {isa = PBXFileReference; lastKnownFileType = "wrapper.pb-project"; name = openFrameworksLib.xcodeproj; path = ../../../libs/openFrameworksCompiled/project/osx/openFrameworksLib.xcodeproj; sourceTree = SOURCE_ROOT; };
		E45BE9710E8CC7DD009D7055 /* AGL.framework */ = {isa = PBXFileReference; lastKnownFileType = wrapper.framework; name = AGL.framework; path = /System/Library/Frameworks/AGL.framework; sourceTree = "<absolute>"; };
		E45BE9720E8CC7DD009D7055 /* ApplicationServices.framework */ = {isa = PBXFileReference; lastKnownFileType = wrapper.framework; name = ApplicationServices.framework; path = /System/Library/Frameworks/ApplicationServices.framework; sourceTree = "<absolute>"; };
		E45BE9730E8CC7DD009D7055 /* AudioToolbox.framework */ = {isa = PBXFileReference; lastKnownFileType = wrapper.framework; name = AudioToolbox.framework; path = /System/Library/Frameworks/AudioToolbox.framework; sourceTree = "<absolute>"; };
		E45BE9740E8CC7DD009D7055 /* Carbon.framework */ = {isa = PBXFileReference; lastKnownFileType = wrapper.framework; name = Carbon.framework; path = /System/Library/Frameworks/Carbon.framework; sourceTree = "<absolute>"; };
		E45BE9750E8CC7DD009D7055 /* CoreAudio.framework */ = {isa = PBXFileReference; lastKnownFileType = wrapper.framework; name = CoreAudio.framework; path = /System/Library/Frameworks/CoreAudio.framework; sourceTree = "<absolute>"; };
		E45BE9760E8CC7DD009D7055 /* CoreFoundation.framework */ = {isa = PBXFileReference; lastKnownFileType = wrapper.framework; name = CoreFoundation.framework; path = /System/Library/Frameworks/CoreFoundation.framework; sourceTree = "<absolute>"; };
		E45BE9770E8CC7DD009D7055 /* CoreServices.framework */ = {isa = PBXFileReference; lastKnownFileType = wrapper.framework; name = CoreServices.framework; path = /System/Library/Frameworks/CoreServices.framework; sourceTree = "<absolute>"; };
		E45BE9790E8CC7DD009D7055 /* OpenGL.framework */ = {isa = PBXFileReference; lastKnownFileType = wrapper.framework; name = OpenGL.framework; path = /System/Library/Frameworks/OpenGL.framework; sourceTree = "<absolute>"; };
		E45BE97A0E8CC7DD009D7055 /* QuickTime.framework */ = {isa = PBXFileReference; lastKnownFileType = wrapper.framework; name = QuickTime.framework; path = /System/Library/Frameworks/QuickTime.framework; sourceTree = "<absolute>"; };
		E4B69E1D0A3A1BDC003C02F2 /* main.cpp */ = {isa = PBXFileReference; fileEncoding = 30; lastKnownFileType = sourcecode.cpp.cpp; name = main.cpp; path = src/main.cpp; sourceTree = SOURCE_ROOT; };
		E4B69E1E0A3A1BDC003C02F2 /* testApp.cpp */ = {isa = PBXFileReference; explicitFileType = sourcecode.cpp.cpp; fileEncoding = 4; name = testApp.cpp; path = src/testApp.cpp; sourceTree = SOURCE_ROOT; };
		E4B69E1F0A3A1BDC003C02F2 /* testApp.h */ = {isa = PBXFileReference; fileEncoding = 30; lastKnownFileType = sourcecode.c.h; name = testApp.h; path = src/testApp.h; sourceTree = SOURCE_ROOT; };
		E4B6FCAD0C3E899E008CF71C /* openFrameworks-Info.plist */ = {isa = PBXFileReference; fileEncoding = 30; lastKnownFileType = text.plist.xml; path = "openFrameworks-Info.plist"; sourceTree = "<group>"; };
		E4C2424410CC5A17004149E2 /* AppKit.framework */ = {isa = PBXFileReference; lastKnownFileType = wrapper.framework; name = AppKit.framework; path = /System/Library/Frameworks/AppKit.framework; sourceTree = "<absolute>"; };
		E4C2424510CC5A17004149E2 /* Cocoa.framework */ = {isa = PBXFileReference; lastKnownFileType = wrapper.framework; name = Cocoa.framework; path = /System/Library/Frameworks/Cocoa.framework; sourceTree = "<absolute>"; };
		E4C2424610CC5A17004149E2 /* IOKit.framework */ = {isa = PBXFileReference; lastKnownFileType = wrapper.framework; name = IOKit.framework; path = /System/Library/Frameworks/IOKit.framework; sourceTree = "<absolute>"; };
		E4EB691F138AFCF100A09F29 /* CoreOF.xcconfig */ = {isa = PBXFileReference; fileEncoding = 4; lastKnownFileType = text.xcconfig; name = CoreOF.xcconfig; path = ../../../libs/openFrameworksCompiled/project/osx/CoreOF.xcconfig; sourceTree = SOURCE_ROOT; };
		E4EB6923138AFD0F00A09F29 /* Project.xcconfig */ = {isa = PBXFileReference; fileEncoding = 4; lastKnownFileType = text.xcconfig; path = Project.xcconfig; sourceTree = "<group>"; };
/* End PBXFileReference section */

/* Begin PBXFrameworksBuildPhase section */
		21C22E0D15C286400075A106 /* Frameworks */ = {
			isa = PBXFrameworksBuildPhase;
			buildActionMask = 2147483647;
			files = (
				21C22E0E15C286400075A106 /* GLUT.framework in Frameworks */,
				21C22E0F15C286400075A106 /* openFrameworksDebug.a in Frameworks */,
				21C22E1015C286400075A106 /* AGL.framework in Frameworks */,
				21C22E1115C286400075A106 /* ApplicationServices.framework in Frameworks */,
				21C22E1215C286400075A106 /* AudioToolbox.framework in Frameworks */,
				21C22E1315C286400075A106 /* Carbon.framework in Frameworks */,
				21C22E1415C286400075A106 /* CoreAudio.framework in Frameworks */,
				21C22E1515C286400075A106 /* CoreFoundation.framework in Frameworks */,
				21C22E1615C286400075A106 /* CoreServices.framework in Frameworks */,
				21C22E1715C286400075A106 /* OpenGL.framework in Frameworks */,
				21C22E1815C286400075A106 /* QuickTime.framework in Frameworks */,
				21C22E1915C286400075A106 /* AppKit.framework in Frameworks */,
				21C22E1A15C286400075A106 /* Cocoa.framework in Frameworks */,
				21C22E1B15C286400075A106 /* IOKit.framework in Frameworks */,
				216F366A165E13DB00D62604 /* libnimCodecs.dylib in Frameworks */,
				216F366B165E13DB00D62604 /* libnimMockNodes.dylib in Frameworks */,
				216F366C165E13DB00D62604 /* libnimRecorder.dylib in Frameworks */,
				216F366D165E13DB00D62604 /* libOpenNI.dylib in Frameworks */,
				216F366E165E13DB00D62604 /* libusb-1.0.0.dylib in Frameworks */,
				216F366F165E13DC00D62604 /* libXnCore.dylib in Frameworks */,
				216F3670165E13DC00D62604 /* libXnDDK.dylib in Frameworks */,
				216F3671165E13DC00D62604 /* libXnDeviceFile.dylib in Frameworks */,
				216F3672165E13DC00D62604 /* libXnDeviceSensorV2KM.dylib in Frameworks */,
				216F3673165E13DC00D62604 /* libXnFormats.dylib in Frameworks */,
				216F3674165E13DC00D62604 /* libXnVCNITE_1_5_2.dylib in Frameworks */,
				216F3675165E13DC00D62604 /* libXnVFeatures_1_5_2.dylib in Frameworks */,
				216F3676165E13DC00D62604 /* libXnVHandGenerator_1_5_2.dylib in Frameworks */,
				216F3677165E13DC00D62604 /* libXnVNite_1_5_2.dylib in Frameworks */,
			);
			runOnlyForDeploymentPostprocessing = 0;
		};
/* End PBXFrameworksBuildPhase section */

/* Begin PBXGroup section */
		216AA9FC156FBF7C002E7A62 /* ofxScratch */ = {
			isa = PBXGroup;
			children = (
				216AA9FD156FBF7C002E7A62 /* .gitignore */,
				216AA9FE156FBF7C002E7A62 /* install.xml */,
				216AA9FF156FBF7C002E7A62 /* README.md */,
				216AAA00156FBF7C002E7A62 /* src */,
			);
			path = ofxScratch;
			sourceTree = "<group>";
		};
		216AAA00156FBF7C002E7A62 /* src */ = {
			isa = PBXGroup;
			children = (
				216AAA01156FBF7C002E7A62 /* ofxScratch.cpp */,
				216AAA02156FBF7C002E7A62 /* ofxScratch.h */,
			);
			path = src;
			sourceTree = "<group>";
		};
		216AAA60156FBFFF002E7A62 /* ofxNetwork */ = {
			isa = PBXGroup;
			children = (
				216AAA61156FBFFF002E7A62 /* docs */,
				216AAA63156FBFFF002E7A62 /* install.xml */,
				216AAA64156FBFFF002E7A62 /* src */,
			);
			name = ofxNetwork;
			path = ../../../addons/ofxNetwork;
			sourceTree = "<group>";
		};
		216AAA61156FBFFF002E7A62 /* docs */ = {
			isa = PBXGroup;
			children = (
				216AAA62156FBFFF002E7A62 /* Instructions.txt */,
			);
			path = docs;
			sourceTree = "<group>";
		};
		216AAA64156FBFFF002E7A62 /* src */ = {
			isa = PBXGroup;
			children = (
				216AAA65156FBFFF002E7A62 /* ofxNetwork.h */,
				216AAA66156FBFFF002E7A62 /* ofxNetworkUtils.h */,
				216AAA67156FBFFF002E7A62 /* ofxTCPClient.cpp */,
				216AAA68156FBFFF002E7A62 /* ofxTCPClient.h */,
				216AAA69156FBFFF002E7A62 /* ofxTCPManager.cpp */,
				216AAA6A156FBFFF002E7A62 /* ofxTCPManager.h */,
				216AAA6B156FBFFF002E7A62 /* ofxTCPServer.cpp */,
				216AAA6C156FBFFF002E7A62 /* ofxTCPServer.h */,
				216AAA6D156FBFFF002E7A62 /* ofxUDPManager.cpp */,
				216AAA6E156FBFFF002E7A62 /* ofxUDPManager.h */,
			);
			path = src;
			sourceTree = "<group>";
		};
		216AAA6F156FBFFF002E7A62 /* ofxThread */ = {
			isa = PBXGroup;
			children = (
				216AAA70156FBFFF002E7A62 /* src */,
			);
			name = ofxThread;
			path = ../../../addons/ofxThread;
			sourceTree = "<group>";
		};
		216AAA70156FBFFF002E7A62 /* src */ = {
			isa = PBXGroup;
			children = (
				216AAA71156FBFFF002E7A62 /* ofxThread.h */,
			);
			path = src;
			sourceTree = "<group>";
		};
		216AAA72156FBFFF002E7A62 /* ofxXmlSettings */ = {
			isa = PBXGroup;
			children = (
				216AAA73156FBFFF002E7A62 /* install.xml */,
				216AAA74156FBFFF002E7A62 /* libs */,
				216AAA79156FBFFF002E7A62 /* src */,
			);
			name = ofxXmlSettings;
			path = ../../../addons/ofxXmlSettings;
			sourceTree = "<group>";
		};
		216AAA74156FBFFF002E7A62 /* libs */ = {
			isa = PBXGroup;
			children = (
				216AAA75156FBFFF002E7A62 /* tinyxml.cpp */,
				216AAA76156FBFFF002E7A62 /* tinyxml.h */,
				216AAA77156FBFFF002E7A62 /* tinyxmlerror.cpp */,
				216AAA78156FBFFF002E7A62 /* tinyxmlparser.cpp */,
			);
			path = libs;
			sourceTree = "<group>";
		};
		216AAA79156FBFFF002E7A62 /* src */ = {
			isa = PBXGroup;
			children = (
				216AAA7A156FBFFF002E7A62 /* ofxXmlSettings.cpp */,
				216AAA7B156FBFFF002E7A62 /* ofxXmlSettings.h */,
			);
			path = src;
			sourceTree = "<group>";
		};
		216F3537165E13DA00D62604 /* ofxOpenNI */ = {
			isa = PBXGroup;
			children = (
				216F36CD165E320600D62604 /* config */,
				216F360D165E13DA00D62604 /* lib */,
				216F357F165E13DA00D62604 /* include */,
				216F361E165E13DA00D62604 /* src */,
			);
			name = ofxOpenNI;
			path = ../../myApps/kinect2Scratch4Mac/src/ofxOpenNI;
			sourceTree = SOURCE_ROOT;
		};
		216F357F165E13DA00D62604 /* include */ = {
			isa = PBXGroup;
			children = (
				216F3580165E13DA00D62604 /* libusb */,
				216F3582165E13DA00D62604 /* nite */,
				216F35C0165E13DA00D62604 /* openni */,
			);
			path = include;
			sourceTree = "<group>";
		};
		216F3580165E13DA00D62604 /* libusb */ = {
			isa = PBXGroup;
			children = (
				216F3581165E13DA00D62604 /* libusb.h */,
			);
			path = libusb;
			sourceTree = "<group>";
		};
		216F3582165E13DA00D62604 /* nite */ = {
			isa = PBXGroup;
			children = (
				216F3583165E13DA00D62604 /* XnCommon.h */,
				216F3584165E13DA00D62604 /* XnV3DVector.h */,
				216F3585165E13DA00D62604 /* XnVActivationMessage.h */,
				216F3586165E13DA00D62604 /* XnVBroadcaster.h */,
				216F3587165E13DA00D62604 /* XnVCCMessage.h */,
				216F3588165E13DA00D62604 /* XnVCircle.h */,
				216F3589165E13DA00D62604 /* XnVCircleDetector.h */,
				216F358A165E13DA00D62604 /* XnVClickableVirtualPlane.h */,
				216F358B165E13DA00D62604 /* XnVComplexMessage.h */,
				216F358C165E13DA00D62604 /* XnVDepthControl.h */,
				216F358D165E13DA00D62604 /* XnVDepthGenerator.h */,
				216F358E165E13DA00D62604 /* XnVDepthMessage.h */,
				216F358F165E13DA00D62604 /* XnVDeviceControl.h */,
				216F3590165E13DA00D62604 /* XnVDeviceFilter.h */,
				216F3591165E13DA00D62604 /* XnVDeviceGenerator.h */,
				216F3592165E13DA00D62604 /* XnVDeviceMessage.h */,
				216F3593165E13DA00D62604 /* XnVDirection.h */,
				216F3594165E13DA00D62604 /* XnVFilter.h */,
				216F3595165E13DA00D62604 /* XnVFlowRouter.h */,
				216F3596165E13DA00D62604 /* XnVGesture.h */,
				216F3597165E13DA00D62604 /* XnVHandle.h */,
				216F3598165E13DA00D62604 /* XnVHandPointContext.h */,
				216F3599165E13DA00D62604 /* XnVImageGenerator.h */,
				216F359A165E13DA00D62604 /* XnVImageMessage.h */,
				216F359B165E13DA00D62604 /* XnVMathCommon.h */,
				216F359C165E13DA00D62604 /* XnVMessage.h */,
				216F359D165E13DA00D62604 /* XnVMessageGenerator.h */,
				216F359E165E13DA00D62604 /* XnVMessageListener.h */,
				216F359F165E13DA00D62604 /* XnVMessageMux.h */,
				216F35A0165E13DA00D62604 /* XnVMultiItemHysteresis1D.h */,
				216F35A1165E13DA00D62604 /* XnVMultiItemHysteresis2D.h */,
				216F35A2165E13DA00D62604 /* XnVMultipleHands.h */,
				216F35A3165E13DA00D62604 /* XnVMultiProcessFlowClient.h */,
				216F35A4165E13DA00D62604 /* XnVMultiProcessFlowServer.h */,
				216F35A5165E13DA00D62604 /* XnVNite.h */,
				216F35A6165E13DA00D62604 /* XnVNiteControls.h */,
				216F35A7165E13DA00D62604 /* XnVNiteDefs.h */,
				216F35A8165E13DA00D62604 /* XnVNiteFramework.h */,
				216F35A9165E13DA00D62604 /* XnVNiteLog.h */,
				216F35AA165E13DA00D62604 /* XnVNiteStatus.h */,
				216F35AB165E13DA00D62604 /* XnVNiteVersion.h */,
				216F35AC165E13DA00D62604 /* XnVPointArea.h */,
				216F35AD165E13DA00D62604 /* XnVPointControl.h */,
				216F35AE165E13DA00D62604 /* XnVPointDenoiser.h */,
				216F35AF165E13DA00D62604 /* XnVPointFilter.h */,
				216F35B0165E13DA00D62604 /* XnVPointMessage.h */,
				216F35B1165E13DA00D62604 /* XnVPointTracker.h */,
				216F35B2165E13DA00D62604 /* XnVPushDetector.h */,
				216F35B3165E13DA00D62604 /* XnVSelectableSlider1D.h */,
				216F35B4165E13DA00D62604 /* XnVSelectableSlider2D.h */,
				216F35B5165E13DA00D62604 /* XnVSessionGenerator.h */,
				216F35B6165E13DA00D62604 /* XnVSessionListener.h */,
				216F35B7165E13DA00D62604 /* XnVSessionManager.h */,
				216F35B8165E13DA00D62604 /* XnVSessionMessage.h */,
				216F35B9165E13DA00D62604 /* XnVSlider1D.h */,
				216F35BA165E13DA00D62604 /* XnVSlider2D.h */,
				216F35BB165E13DA00D62604 /* XnVSlider3D.h */,
				216F35BC165E13DA00D62604 /* XnVSteadyDetector.h */,
				216F35BD165E13DA00D62604 /* XnVSwipeDetector.h */,
				216F35BE165E13DA00D62604 /* XnVVirtualCoordinates.h */,
				216F35BF165E13DA00D62604 /* XnVWaveDetector.h */,
			);
			path = nite;
			sourceTree = "<group>";
		};
		216F35C0165E13DA00D62604 /* openni */ = {
			isa = PBXGroup;
			children = (
				216F35C1165E13DA00D62604 /* Android-Arm */,
				216F35C3165E13DA00D62604 /* ARC */,
				216F35C6165E13DA00D62604 /* IXnNodeAllocator.h */,
				216F35C7165E13DA00D62604 /* Linux-Arm */,
				216F35C9165E13DA00D62604 /* Linux-x86 */,
				216F35CC165E13DA00D62604 /* MacOSX */,
				216F35CE165E13DA00D62604 /* Win32 */,
				216F35D2165E13DA00D62604 /* XnAlgorithms.h */,
				216F35D3165E13DA00D62604 /* XnArray.h */,
				216F35D4165E13DA00D62604 /* XnBaseNode.h */,
				216F35D5165E13DA00D62604 /* XnBitSet.h */,
				216F35D6165E13DA00D62604 /* XnCallback.h */,
				216F35D7165E13DA00D62604 /* XnCodecIDs.h */,
				216F35D8165E13DA00D62604 /* XnContext.h */,
				216F35D9165E13DA00D62604 /* XnCppWrapper.h */,
				216F35DA165E13DA00D62604 /* XnDataTypes.h */,
				216F35DB165E13DA00D62604 /* XnDerivedCast.h */,
				216F35DC165E13DA00D62604 /* XnDump.h */,
				216F35DD165E13DA00D62604 /* XnDumpWriters.h */,
				216F35DE165E13DA00D62604 /* XnEnumerationErrors.h */,
				216F35DF165E13DA00D62604 /* XnEvent.h */,
				216F35E0165E13DA00D62604 /* XnFPSCalculator.h */,
				216F35E1165E13DA00D62604 /* XnGeneralBuffer.h */,
				216F35E2165E13DA00D62604 /* XnHash.h */,
				216F35E3165E13DA00D62604 /* XnInternalDefs.h */,
				216F35E4165E13DA00D62604 /* XnLicensing.h */,
				216F35E5165E13DA00D62604 /* XnList.h */,
				216F35E6165E13DA00D62604 /* XnLog.h */,
				216F35E7165E13DA00D62604 /* XnLogTypes.h */,
				216F35E8165E13DA00D62604 /* XnLogWriterBase.h */,
				216F35E9165E13DA00D62604 /* XnMacros.h */,
				216F35EA165E13DA00D62604 /* XnModuleCFunctions.h */,
				216F35EB165E13DA00D62604 /* XnModuleCppInterface.h */,
				216F35EC165E13DA00D62604 /* XnModuleCppRegistratration.h */,
				216F35ED165E13DA00D62604 /* XnModuleInterface.h */,
				216F35EE165E13DA00D62604 /* XnNode.h */,
				216F35EF165E13DA00D62604 /* XnNodeAllocator.h */,
				216F35F0165E13DA00D62604 /* XnOpenNI.h */,
				216F35F1165E13DA00D62604 /* XnOS.h */,
				216F35F2165E13DA00D62604 /* XnOSCpp.h */,
				216F35F3165E13DA00D62604 /* XnOSMemory.h */,
				216F35F4165E13DA00D62604 /* XnOSStrings.h */,
				216F35F5165E13DA00D62604 /* XnPlatform.h */,
				216F35F6165E13DA00D62604 /* XnPrdNode.h */,
				216F35F7165E13DA00D62604 /* XnPrdNodeInfo.h */,
				216F35F8165E13DA00D62604 /* XnPrdNodeInfoList.h */,
				216F35F9165E13DA00D62604 /* XnProfiling.h */,
				216F35FA165E13DA00D62604 /* XnPropNames.h */,
				216F35FB165E13DA00D62604 /* XnQueries.h */,
				216F35FC165E13DA00D62604 /* XnQueue.h */,
				216F35FD165E13DA00D62604 /* XnScheduler.h */,
				216F35FE165E13DA00D62604 /* XnStack.h */,
				216F35FF165E13DA00D62604 /* XnStatus.h */,
				216F3600165E13DA00D62604 /* XnStatusCodes.h */,
				216F3601165E13DA00D62604 /* XnStatusRegister.h */,
				216F3602165E13DA00D62604 /* XnStringsHash.h */,
				216F3603165E13DA00D62604 /* XnThreadSafeQueue.h */,
				216F3604165E13DA00D62604 /* XnTypes.h */,
				216F3605165E13DA00D62604 /* XnUSB.h */,
				216F3606165E13DA00D62604 /* XnUSBDevice.h */,
				216F3607165E13DA00D62604 /* XnUtils.h */,
				216F3608165E13DA00D62604 /* XnVersion.h */,
			);
			path = openni;
			sourceTree = "<group>";
		};
		216F35C1165E13DA00D62604 /* Android-Arm */ = {
			isa = PBXGroup;
			children = (
				216F35C2165E13DA00D62604 /* XnPlatformAndroid-Arm.h */,
			);
			path = "Android-Arm";
			sourceTree = "<group>";
		};
		216F35C3165E13DA00D62604 /* ARC */ = {
			isa = PBXGroup;
			children = (
				216F35C4165E13DA00D62604 /* XnOSARC.h */,
				216F35C5165E13DA00D62604 /* XnPlatformARC.h */,
			);
			path = ARC;
			sourceTree = "<group>";
		};
		216F35C7165E13DA00D62604 /* Linux-Arm */ = {
			isa = PBXGroup;
			children = (
				216F35C8165E13DA00D62604 /* XnPlatformLinux-Arm.h */,
			);
			path = "Linux-Arm";
			sourceTree = "<group>";
		};
		216F35C9165E13DA00D62604 /* Linux-x86 */ = {
			isa = PBXGroup;
			children = (
				216F35CA165E13DA00D62604 /* XnOSLinux-x86.h */,
				216F35CB165E13DA00D62604 /* XnPlatformLinux-x86.h */,
			);
			path = "Linux-x86";
			sourceTree = "<group>";
		};
		216F35CC165E13DA00D62604 /* MacOSX */ = {
			isa = PBXGroup;
			children = (
				216F35CD165E13DA00D62604 /* XnPlatformMacOSX.h */,
			);
			path = MacOSX;
			sourceTree = "<group>";
		};
		216F35CE165E13DA00D62604 /* Win32 */ = {
			isa = PBXGroup;
			children = (
				216F35CF165E13DA00D62604 /* usb100.h */,
				216F35D0165E13DA00D62604 /* XnOSWin32.h */,
				216F35D1165E13DA00D62604 /* XnPlatformWin32.h */,
			);
			path = Win32;
			sourceTree = "<group>";
		};
		216F360D165E13DA00D62604 /* lib */ = {
			isa = PBXGroup;
			children = (
				216F360E165E13DA00D62604 /* change_exec_paths.sh */,
				216F360F165E13DA00D62604 /* libnimCodecs.dylib */,
				216F3610165E13DA00D62604 /* libnimMockNodes.dylib */,
				216F3611165E13DA00D62604 /* libnimRecorder.dylib */,
				216F3612165E13DA00D62604 /* libOpenNI.dylib */,
				216F3613165E13DA00D62604 /* libusb-1.0.0.dylib */,
				216F3614165E13DA00D62604 /* libXnCore.dylib */,
				216F3615165E13DA00D62604 /* libXnDDK.dylib */,
				216F3616165E13DA00D62604 /* libXnDeviceFile.dylib */,
				216F3617165E13DA00D62604 /* libXnDeviceSensorV2KM.dylib */,
				216F3618165E13DA00D62604 /* libXnFormats.dylib */,
				216F3619165E13DA00D62604 /* libXnVCNITE_1_5_2.dylib */,
				216F361A165E13DA00D62604 /* libXnVFeatures_1_5_2.dylib */,
				216F361B165E13DA00D62604 /* libXnVHandGenerator_1_5_2.dylib */,
				216F361C165E13DA00D62604 /* libXnVNite_1_5_2.dylib */,
			);
			name = lib;
			path = ../../bin/data/openni/lib;
			sourceTree = "<group>";
		};
		216F361E165E13DA00D62604 /* src */ = {
			isa = PBXGroup;
			children = (
				216F361F165E13DA00D62604 /* ofxOpenNI.cpp */,
				216F3620165E13DA00D62604 /* ofxOpenNI.h */,
				216F3621165E13DA00D62604 /* ofxOpenNITypes.cpp */,
				216F3622165E13DA00D62604 /* ofxOpenNITypes.h */,
				216F3623165E13DA00D62604 /* ofxOpenNIUtils.h */,
			);
			path = src;
			sourceTree = "<group>";
		};
		216F36CD165E320600D62604 /* config */ = {
			isa = PBXGroup;
			children = (
				216F36CE165E320600D62604 /* Data */,
				216F36D3165E320600D62604 /* FeatureExtraction.ini */,
				216F36D4165E320600D62604 /* GlobalDefaultsKinect.ini */,
				216F36D5165E320600D62604 /* h.dat */,
				216F36D6165E320600D62604 /* licenses.xml */,
				216F36D7165E320600D62604 /* modules.xml */,
				216F36D8165E320600D62604 /* Nite.ini */,
				216F36D9165E320600D62604 /* ofxopenni_config.xml */,
				216F36DA165E320600D62604 /* s.dat */,
				216F36DB165E320600D62604 /* SamplesConfig.xml */,
				216F36DC165E320600D62604 /* SceneServer.ini */,
			);
			name = config;
			path = ../../bin/data/openni/config;
			sourceTree = "<group>";
		};
		216F36CE165E320600D62604 /* Data */ = {
			isa = PBXGroup;
			children = (
				216F36CF165E320600D62604 /* lbsdata.idx */,
				216F36D0165E320600D62604 /* lbsdata.lbd */,
				216F36D1165E320600D62604 /* lbsparam1.lbd */,
				216F36D2165E320600D62604 /* lbsparam2.lbd */,
			);
			path = Data;
			sourceTree = "<group>";
		};
		21819FD916387FA600336015 /* ofxGui */ = {
			isa = PBXGroup;
			children = (
				21819FDA16387FA600336015 /* src */,
			);
			path = ofxGui;
			sourceTree = "<group>";
		};
		21819FDA16387FA600336015 /* src */ = {
			isa = PBXGroup;
			children = (
				21819FDB16387FA600336015 /* ofOscParameter.h */,
				21819FDC16387FA600336015 /* ofParameter.h */,
				21819FDD16387FA600336015 /* ofxBaseGui.cpp */,
				21819FDE16387FA600336015 /* ofxBaseGui.h */,
				21819FDF16387FA600336015 /* ofxButton.cpp */,
				21819FE016387FA600336015 /* ofxButton.h */,
				21819FE116387FA600336015 /* ofxGui.h */,
				21819FE216387FA600336015 /* ofxLabel.cpp */,
				21819FE316387FA600336015 /* ofxLabel.h */,
				21819FE416387FA600336015 /* ofxPanel.cpp */,
				21819FE516387FA600336015 /* ofxPanel.h */,
				21819FE616387FA600336015 /* ofxSlider.cpp */,
				21819FE716387FA600336015 /* ofxSlider.h */,
				21819FE816387FA600336015 /* ofxToggle.cpp */,
				21819FE916387FA600336015 /* ofxToggle.h */,
			);
			path = src;
			sourceTree = "<group>";
		};
		BB4B014C10F69532006C3DED /* addons */ = {
			isa = PBXGroup;
			children = (
				216AAA60156FBFFF002E7A62 /* ofxNetwork */,
				216AAA6F156FBFFF002E7A62 /* ofxThread */,
				216AAA72156FBFFF002E7A62 /* ofxXmlSettings */,
			);
			name = addons;
			sourceTree = "<group>";
		};
		BBAB23C913894ECA00AA2426 /* system frameworks */ = {
			isa = PBXGroup;
			children = (
				E4C2424410CC5A17004149E2 /* AppKit.framework */,
				E4C2424510CC5A17004149E2 /* Cocoa.framework */,
				E4C2424610CC5A17004149E2 /* IOKit.framework */,
				E45BE9710E8CC7DD009D7055 /* AGL.framework */,
				E45BE9720E8CC7DD009D7055 /* ApplicationServices.framework */,
				E45BE9730E8CC7DD009D7055 /* AudioToolbox.framework */,
				E45BE9740E8CC7DD009D7055 /* Carbon.framework */,
				E45BE9750E8CC7DD009D7055 /* CoreAudio.framework */,
				E45BE9760E8CC7DD009D7055 /* CoreFoundation.framework */,
				E45BE9770E8CC7DD009D7055 /* CoreServices.framework */,
				E45BE9790E8CC7DD009D7055 /* OpenGL.framework */,
				E45BE97A0E8CC7DD009D7055 /* QuickTime.framework */,
			);
			name = "system frameworks";
			sourceTree = "<group>";
		};
		BBAB23CA13894EDB00AA2426 /* 3rd party frameworks */ = {
			isa = PBXGroup;
			children = (
				BBAB23BE13894E4700AA2426 /* GLUT.framework */,
			);
			name = "3rd party frameworks";
			sourceTree = "<group>";
		};
		E4328144138ABC890047C5CB /* Products */ = {
			isa = PBXGroup;
			children = (
				E4328148138ABC890047C5CB /* openFrameworksDebug.a */,
			);
			name = Products;
			sourceTree = "<group>";
		};
		E45BE5980E8CC70C009D7055 /* frameworks */ = {
			isa = PBXGroup;
			children = (
				BBAB23CA13894EDB00AA2426 /* 3rd party frameworks */,
				BBAB23C913894ECA00AA2426 /* system frameworks */,
			);
			name = frameworks;
			sourceTree = "<group>";
		};
		E4B69B4A0A3A1720003C02F2 = {
			isa = PBXGroup;
			children = (
				216AAA5D156FBF90002E7A62 /* icon.icns */,
				E4B69E1C0A3A1BDC003C02F2 /* src */,
				E4EEC9E9138DF44700A80321 /* openFrameworks */,
				BB4B014C10F69532006C3DED /* addons */,
				E45BE5980E8CC70C009D7055 /* frameworks */,
				21C22E3515C286400075A106 /* Kinect2Scratch4Mac.app */,
			);
			sourceTree = "<group>";
		};
		E4B69E1C0A3A1BDC003C02F2 /* src */ = {
			isa = PBXGroup;
			children = (
				216565AE1663AE7A00BCFC36 /* ofxHardwareDriver.cpp */,
				216565AF1663AE7A00BCFC36 /* ofxHardwareDriver.h */,
				216F3537165E13DA00D62604 /* ofxOpenNI */,
				21819FD916387FA600336015 /* ofxGui */,
				216AA9FC156FBF7C002E7A62 /* ofxScratch */,
				E4B69E1D0A3A1BDC003C02F2 /* main.cpp */,
				E4B69E1E0A3A1BDC003C02F2 /* testApp.cpp */,
				E4B69E1F0A3A1BDC003C02F2 /* testApp.h */,
			);
			path = src;
			sourceTree = SOURCE_ROOT;
		};
		E4EEC9E9138DF44700A80321 /* openFrameworks */ = {
			isa = PBXGroup;
			children = (
				E4EB6923138AFD0F00A09F29 /* Project.xcconfig */,
				E4EB691F138AFCF100A09F29 /* CoreOF.xcconfig */,
				E4328143138ABC890047C5CB /* openFrameworksLib.xcodeproj */,
				E4B6FCAD0C3E899E008CF71C /* openFrameworks-Info.plist */,
			);
			name = openFrameworks;
			sourceTree = "<group>";
		};
/* End PBXGroup section */

/* Begin PBXNativeTarget section */
		21C22DE315C286400075A106 /* Kinect2Scratch4Mac */ = {
			isa = PBXNativeTarget;
			buildConfigurationList = 21C22E3215C286400075A106 /* Build configuration list for PBXNativeTarget "Kinect2Scratch4Mac" */;
			buildPhases = (
				21C22DE615C286400075A106 /* Sources */,
				21C22E0D15C286400075A106 /* Frameworks */,
				21C22E2A15C286400075A106 /* ShellScript */,
				21C22E2B15C286400075A106 /* CopyFiles */,
				21C22E2D15C286400075A106 /* Resources */,
			);
			buildRules = (
			);
			dependencies = (
				21C22DE415C286400075A106 /* PBXTargetDependency */,
			);
			name = Kinect2Scratch4Mac;
			productName = myOFApp;
			productReference = 21C22E3515C286400075A106 /* Kinect2Scratch4Mac.app */;
			productType = "com.apple.product-type.application";
		};
/* End PBXNativeTarget section */

/* Begin PBXProject section */
		E4B69B4C0A3A1720003C02F2 /* Project object */ = {
			isa = PBXProject;
			buildConfigurationList = E4B69B4D0A3A1720003C02F2 /* Build configuration list for PBXProject "Kinect2Scratch4Mac" */;
			compatibilityVersion = "Xcode 2.4";
			developmentRegion = English;
			hasScannedForEncodings = 0;
			knownRegions = (
				English,
				Japanese,
				French,
				German,
			);
			mainGroup = E4B69B4A0A3A1720003C02F2;
			productRefGroup = E4B69B4A0A3A1720003C02F2;
			projectDirPath = "";
			projectReferences = (
				{
					ProductGroup = E4328144138ABC890047C5CB /* Products */;
					ProjectRef = E4328143138ABC890047C5CB /* openFrameworksLib.xcodeproj */;
				},
			);
			projectRoot = "";
			targets = (
				21C22DE315C286400075A106 /* Kinect2Scratch4Mac */,
			);
		};
/* End PBXProject section */

/* Begin PBXReferenceProxy section */
		E4328148138ABC890047C5CB /* openFrameworksDebug.a */ = {
			isa = PBXReferenceProxy;
			fileType = archive.ar;
			path = openFrameworksDebug.a;
			remoteRef = E4328147138ABC890047C5CB /* PBXContainerItemProxy */;
			sourceTree = BUILT_PRODUCTS_DIR;
		};
/* End PBXReferenceProxy section */

/* Begin PBXResourcesBuildPhase section */
		21C22E2D15C286400075A106 /* Resources */ = {
			isa = PBXResourcesBuildPhase;
			buildActionMask = 2147483647;
			files = (
				21C22E2E15C286400075A106 /* icon.icns in Resources */,
				216F36DD165E320600D62604 /* lbsdata.idx in Resources */,
				216F36DE165E320600D62604 /* lbsdata.lbd in Resources */,
				216F36DF165E320600D62604 /* lbsparam1.lbd in Resources */,
				216F36E0165E320600D62604 /* lbsparam2.lbd in Resources */,
				216F36E1165E320600D62604 /* FeatureExtraction.ini in Resources */,
				216F36E2165E320600D62604 /* GlobalDefaultsKinect.ini in Resources */,
				216F36E3165E320600D62604 /* h.dat in Resources */,
				216F36E4165E320600D62604 /* licenses.xml in Resources */,
				216F36E5165E320600D62604 /* modules.xml in Resources */,
				216F36E6165E320600D62604 /* Nite.ini in Resources */,
				216F36E7165E320600D62604 /* ofxopenni_config.xml in Resources */,
				216F36E8165E320600D62604 /* s.dat in Resources */,
				216F36E9165E320600D62604 /* SamplesConfig.xml in Resources */,
				216F36EA165E320600D62604 /* SceneServer.ini in Resources */,
			);
			runOnlyForDeploymentPostprocessing = 0;
		};
/* End PBXResourcesBuildPhase section */

/* Begin PBXShellScriptBuildPhase section */
		21C22E2A15C286400075A106 /* ShellScript */ = {
			isa = PBXShellScriptBuildPhase;
			buildActionMask = 2147483647;
			files = (
			);
			inputPaths = (
			);
			outputPaths = (
			);
			runOnlyForDeploymentPostprocessing = 0;
			shellPath = /bin/sh;
			shellScript = "cp -f ../../../libs/fmodex/lib/osx/libfmodex.dylib \"$TARGET_BUILD_DIR/$PRODUCT_NAME.app/Contents/MacOS/libfmodex.dylib\"; install_name_tool -change ./libfmodex.dylib @executable_path/libfmodex.dylib \"$TARGET_BUILD_DIR/$PRODUCT_NAME.app/Contents/MacOS/$PRODUCT_NAME\";";
		};
/* End PBXShellScriptBuildPhase section */

/* Begin PBXSourcesBuildPhase section */
		21C22DE615C286400075A106 /* Sources */ = {
			isa = PBXSourcesBuildPhase;
			buildActionMask = 2147483647;
			files = (
				21C22DE715C286400075A106 /* main.cpp in Sources */,
				21C22DE815C286400075A106 /* testApp.cpp in Sources */,
				21C22DF515C286400075A106 /* ofxScratch.cpp in Sources */,
				21C22E0515C286400075A106 /* ofxTCPClient.cpp in Sources */,
				21C22E0615C286400075A106 /* ofxTCPManager.cpp in Sources */,
				21C22E0715C286400075A106 /* ofxTCPServer.cpp in Sources */,
				21C22E0815C286400075A106 /* ofxUDPManager.cpp in Sources */,
				21C22E0915C286400075A106 /* tinyxml.cpp in Sources */,
				21C22E0A15C286400075A106 /* tinyxmlerror.cpp in Sources */,
				21C22E0B15C286400075A106 /* tinyxmlparser.cpp in Sources */,
				21C22E0C15C286400075A106 /* ofxXmlSettings.cpp in Sources */,
				21819FEA16387FA600336015 /* ofxBaseGui.cpp in Sources */,
				21819FEB16387FA600336015 /* ofxButton.cpp in Sources */,
				21819FEC16387FA600336015 /* ofxLabel.cpp in Sources */,
				21819FED16387FA600336015 /* ofxPanel.cpp in Sources */,
				21819FEE16387FA600336015 /* ofxSlider.cpp in Sources */,
				21819FEF16387FA600336015 /* ofxToggle.cpp in Sources */,
				216F3679165E13DC00D62604 /* ofxOpenNI.cpp in Sources */,
				216F367A165E13DC00D62604 /* ofxOpenNITypes.cpp in Sources */,
				216565B01663AE7A00BCFC36 /* ofxHardwareDriver.cpp in Sources */,
			);
			runOnlyForDeploymentPostprocessing = 0;
		};
/* End PBXSourcesBuildPhase section */

/* Begin PBXTargetDependency section */
		21C22DE415C286400075A106 /* PBXTargetDependency */ = {
			isa = PBXTargetDependency;
			name = openFrameworks;
			targetProxy = 21C22DE515C286400075A106 /* PBXContainerItemProxy */;
		};
/* End PBXTargetDependency section */

/* Begin XCBuildConfiguration section */
		21C22E3315C286400075A106 /* Debug */ = {
			isa = XCBuildConfiguration;
			buildSettings = {
				COPY_PHASE_STRIP = NO;
				FRAMEWORK_SEARCH_PATHS = (
					"$(inherited)",
					"$(FRAMEWORK_SEARCH_PATHS_QUOTED_FOR_TARGET_1)",
				);
				FRAMEWORK_SEARCH_PATHS_QUOTED_FOR_TARGET_1 = "\"$(SRCROOT)/../../../libs/glut/lib/osx\"";
				GCC_DYNAMIC_NO_PIC = NO;
				GCC_ENABLE_FIX_AND_CONTINUE = YES;
				GCC_GENERATE_DEBUGGING_SYMBOLS = YES;
				GCC_MODEL_TUNING = G4;
				GCC_PRECOMPILE_PREFIX_HEADER = YES;
				GCC_PREFIX_HEADER = "$(SYSTEM_LIBRARY_DIR)/Frameworks/Carbon.framework/Headers/Carbon.h";
				INFOPLIST_FILE = "openFrameworks-Info.plist";
				INSTALL_PATH = "$(HOME)/Applications";
				LIBRARY_SEARCH_PATHS = (
					"$(inherited)",
					"$(LIBRARY_SEARCH_PATHS_QUOTED_FOR_TARGET_1)",
					"$(LIBRARY_SEARCH_PATHS_QUOTED_FOR_TARGET_2)",
					"$(LIBRARY_SEARCH_PATHS_QUOTED_FOR_TARGET_3)",
					"$(LIBRARY_SEARCH_PATHS_QUOTED_FOR_TARGET_4)",
					"$(LIBRARY_SEARCH_PATHS_QUOTED_FOR_TARGET_5)",
					"$(LIBRARY_SEARCH_PATHS_QUOTED_FOR_TARGET_6)",
					"$(LIBRARY_SEARCH_PATHS_QUOTED_FOR_TARGET_7)",
					"$(LIBRARY_SEARCH_PATHS_QUOTED_FOR_TARGET_8)",
					"$(LIBRARY_SEARCH_PATHS_QUOTED_FOR_TARGET_9)",
					"$(LIBRARY_SEARCH_PATHS_QUOTED_FOR_TARGET_10)",
					"$(LIBRARY_SEARCH_PATHS_QUOTED_FOR_TARGET_11)",
					"$(LIBRARY_SEARCH_PATHS_QUOTED_FOR_TARGET_12)",
					"$(LIBRARY_SEARCH_PATHS_QUOTED_FOR_TARGET_13)",
					"$(LIBRARY_SEARCH_PATHS_QUOTED_FOR_TARGET_14)",
					"$(LIBRARY_SEARCH_PATHS_QUOTED_FOR_TARGET_15)",
					"$(LIBRARY_SEARCH_PATHS_QUOTED_FOR_TARGET_2)",
					"$(LIBRARY_SEARCH_PATHS_QUOTED_FOR_TARGET_3)",
					"$(LIBRARY_SEARCH_PATHS_QUOTED_FOR_TARGET_7)",
					"$(LIBRARY_SEARCH_PATHS_QUOTED_FOR_TARGET_8)",
					"$(LIBRARY_SEARCH_PATHS_QUOTED_FOR_TARGET_9)",
					"$(LIBRARY_SEARCH_PATHS_QUOTED_FOR_TARGET_10)",
					"$(LIBRARY_SEARCH_PATHS_QUOTED_FOR_TARGET_11)",
					"$(LIBRARY_SEARCH_PATHS_QUOTED_FOR_TARGET_12)",
					"$(LIBRARY_SEARCH_PATHS_QUOTED_FOR_TARGET_13)",
					"$(LIBRARY_SEARCH_PATHS_QUOTED_FOR_TARGET_16)",
					"$(LIBRARY_SEARCH_PATHS_QUOTED_FOR_TARGET_17)",
					"$(LIBRARY_SEARCH_PATHS_QUOTED_FOR_TARGET_18)",
					"$(LIBRARY_SEARCH_PATHS_QUOTED_FOR_TARGET_19)",
					"$(LIBRARY_SEARCH_PATHS_QUOTED_FOR_TARGET_20)",
					"$(LIBRARY_SEARCH_PATHS_QUOTED_FOR_TARGET_21)",
					"$(LIBRARY_SEARCH_PATHS_QUOTED_FOR_TARGET_22)",
					"$(LIBRARY_SEARCH_PATHS_QUOTED_FOR_TARGET_23)",
					"$(LIBRARY_SEARCH_PATHS_QUOTED_FOR_TARGET_24)",
					"$(LIBRARY_SEARCH_PATHS_QUOTED_FOR_TARGET_25)",
					"$(LIBRARY_SEARCH_PATHS_QUOTED_FOR_TARGET_26)",
					"$(LIBRARY_SEARCH_PATHS_QUOTED_FOR_TARGET_27)",
					"$(LIBRARY_SEARCH_PATHS_QUOTED_FOR_TARGET_28)",
					"$(LIBRARY_SEARCH_PATHS_QUOTED_FOR_TARGET_29)",
					"$(LIBRARY_SEARCH_PATHS_QUOTED_FOR_TARGET_30)",
					"$(LIBRARY_SEARCH_PATHS_QUOTED_FOR_TARGET_31)",
					"$(LIBRARY_SEARCH_PATHS_QUOTED_FOR_TARGET_32)",
					"$(LIBRARY_SEARCH_PATHS_QUOTED_FOR_TARGET_33)",
					"$(LIBRARY_SEARCH_PATHS_QUOTED_FOR_TARGET_34)",
					"$(LIBRARY_SEARCH_PATHS_QUOTED_FOR_TARGET_35)",
					"$(LIBRARY_SEARCH_PATHS_QUOTED_FOR_TARGET_36)",
					"$(LIBRARY_SEARCH_PATHS_QUOTED_FOR_TARGET_37)",
					"$(LIBRARY_SEARCH_PATHS_QUOTED_FOR_TARGET_38)",
					"$(LIBRARY_SEARCH_PATHS_QUOTED_FOR_TARGET_39)",
					"$(LIBRARY_SEARCH_PATHS_QUOTED_FOR_TARGET_40)",
					"$(LIBRARY_SEARCH_PATHS_QUOTED_FOR_TARGET_41)",
					"$(LIBRARY_SEARCH_PATHS_QUOTED_FOR_TARGET_42)",
					"$(LIBRARY_SEARCH_PATHS_QUOTED_FOR_TARGET_43)",
					"$(LIBRARY_SEARCH_PATHS_QUOTED_FOR_TARGET_44)",
					"$(LIBRARY_SEARCH_PATHS_QUOTED_FOR_TARGET_45)",
					"$(LIBRARY_SEARCH_PATHS_QUOTED_FOR_TARGET_46)",
					"$(LIBRARY_SEARCH_PATHS_QUOTED_FOR_TARGET_47)",
					"$(LIBRARY_SEARCH_PATHS_QUOTED_FOR_TARGET_48)",
					"$(LIBRARY_SEARCH_PATHS_QUOTED_FOR_TARGET_49)",
					"$(LIBRARY_SEARCH_PATHS_QUOTED_FOR_TARGET_50)",
					"$(LIBRARY_SEARCH_PATHS_QUOTED_FOR_TARGET_51)",
					"$(LIBRARY_SEARCH_PATHS_QUOTED_FOR_TARGET_52)",
					"$(LIBRARY_SEARCH_PATHS_QUOTED_FOR_TARGET_1)",
					"$(LIBRARY_SEARCH_PATHS_QUOTED_FOR_TARGET_2)",
					"$(LIBRARY_SEARCH_PATHS_QUOTED_FOR_TARGET_3)",
					"$(LIBRARY_SEARCH_PATHS_QUOTED_FOR_TARGET_4)",
					"$(LIBRARY_SEARCH_PATHS_QUOTED_FOR_TARGET_5)",
					"$(LIBRARY_SEARCH_PATHS_QUOTED_FOR_TARGET_6)",
					"$(LIBRARY_SEARCH_PATHS_QUOTED_FOR_TARGET_7)",
					"$(LIBRARY_SEARCH_PATHS_QUOTED_FOR_TARGET_8)",
					"$(LIBRARY_SEARCH_PATHS_QUOTED_FOR_TARGET_9)",
					"$(LIBRARY_SEARCH_PATHS_QUOTED_FOR_TARGET_10)",
					"$(LIBRARY_SEARCH_PATHS_QUOTED_FOR_TARGET_11)",
					"$(LIBRARY_SEARCH_PATHS_QUOTED_FOR_TARGET_12)",
					"$(LIBRARY_SEARCH_PATHS_QUOTED_FOR_TARGET_13)",
					"$(LIBRARY_SEARCH_PATHS_QUOTED_FOR_TARGET_14)",
				);
				LIBRARY_SEARCH_PATHS_QUOTED_FOR_TARGET_1 = "\"$(SRCROOT)/../../../addons/ofxOpenCv/libs/opencv/lib/android/armeabi\"";
				LIBRARY_SEARCH_PATHS_QUOTED_FOR_TARGET_10 = "\"$(SRCROOT)/bin/data/openni/lib\"";
				LIBRARY_SEARCH_PATHS_QUOTED_FOR_TARGET_11 = "\"$(SRCROOT)/../../myApps/kinect2Scratch4Mac/src/ofxOpenNI/mac/copy_to_data_openni_path/lib\"";
				LIBRARY_SEARCH_PATHS_QUOTED_FOR_TARGET_12 = "\"$(SRCROOT)/../../myApps/kinect2Scratch4Mac/src/ofxOpenNI/win/copy_to_data_openni_path/lib\"";
				LIBRARY_SEARCH_PATHS_QUOTED_FOR_TARGET_13 = "\"$(SRCROOT)/../../myApps/ofxOpenNI2-k2s4m/src/ofxOpenNI/mac/copy_to_data_openni_path/lib\"";
				LIBRARY_SEARCH_PATHS_QUOTED_FOR_TARGET_14 = "\"$(SRCROOT)/../../myApps/ofxOpenNI2-k2s4m/src/ofxOpenNI/win/copy_to_data_openni_path/lib\"";
				LIBRARY_SEARCH_PATHS_QUOTED_FOR_TARGET_2 = "\"$(SRCROOT)/../../../addons/ofxOpenCv/libs/opencv/lib/android/armeabi-v7a\"";
				LIBRARY_SEARCH_PATHS_QUOTED_FOR_TARGET_3 = "\"$(SRCROOT)/../../../addons/ofxOpenCv/libs/opencv/lib/iphone\"";
				LIBRARY_SEARCH_PATHS_QUOTED_FOR_TARGET_4 = "\"$(SRCROOT)/../../../addons/ofxOpenCv/libs/opencv/lib/linux\"";
				LIBRARY_SEARCH_PATHS_QUOTED_FOR_TARGET_5 = "\"$(SRCROOT)/../../../addons/ofxOpenCv/libs/opencv/lib/linux64\"";
				LIBRARY_SEARCH_PATHS_QUOTED_FOR_TARGET_6 = "\"$(SRCROOT)/../../../addons/ofxOpenCv/libs/opencv/lib/osx\"";
				LIBRARY_SEARCH_PATHS_QUOTED_FOR_TARGET_7 = "\"$(SRCROOT)/../../../addons/ofxOpenCv/libs/opencv/lib/vs2010\"";
				LIBRARY_SEARCH_PATHS_QUOTED_FOR_TARGET_8 = "\"$(SRCROOT)/../../../addons/ofxOpenCv/libs/opencv/lib/win_cb\"";
				LIBRARY_SEARCH_PATHS_QUOTED_FOR_TARGET_9 = "\"$(SRCROOT)/bin/data/openni/lib\"";
				MACOSX_DEPLOYMENT_TARGET = 10.5;
				PREBINDING = NO;
				PRODUCT_NAME = Kinect2Scratch4Mac;
				WRAPPER_EXTENSION = app;
			};
			name = Debug;
		};
		21C22E3415C286400075A106 /* Release */ = {
			isa = XCBuildConfiguration;
			buildSettings = {
				COPY_PHASE_STRIP = YES;
				FRAMEWORK_SEARCH_PATHS = (
					"$(inherited)",
					"$(FRAMEWORK_SEARCH_PATHS_QUOTED_FOR_TARGET_1)",
				);
				FRAMEWORK_SEARCH_PATHS_QUOTED_FOR_TARGET_1 = "\"$(SRCROOT)/../../../libs/glut/lib/osx\"";
				GCC_ENABLE_FIX_AND_CONTINUE = NO;
				GCC_GENERATE_DEBUGGING_SYMBOLS = NO;
				GCC_MODEL_TUNING = G4;
				GCC_PRECOMPILE_PREFIX_HEADER = YES;
				GCC_PREFIX_HEADER = "$(SYSTEM_LIBRARY_DIR)/Frameworks/Carbon.framework/Headers/Carbon.h";
				INFOPLIST_FILE = "openFrameworks-Info.plist";
				INSTALL_PATH = "$(HOME)/Applications";
				LIBRARY_SEARCH_PATHS = (
					"$(inherited)",
					"$(LIBRARY_SEARCH_PATHS_QUOTED_FOR_TARGET_1)",
					"$(LIBRARY_SEARCH_PATHS_QUOTED_FOR_TARGET_2)",
					"$(LIBRARY_SEARCH_PATHS_QUOTED_FOR_TARGET_3)",
					"$(LIBRARY_SEARCH_PATHS_QUOTED_FOR_TARGET_4)",
					"$(LIBRARY_SEARCH_PATHS_QUOTED_FOR_TARGET_5)",
					"$(LIBRARY_SEARCH_PATHS_QUOTED_FOR_TARGET_6)",
					"$(LIBRARY_SEARCH_PATHS_QUOTED_FOR_TARGET_7)",
					"$(LIBRARY_SEARCH_PATHS_QUOTED_FOR_TARGET_8)",
					"$(LIBRARY_SEARCH_PATHS_QUOTED_FOR_TARGET_9)",
					"$(LIBRARY_SEARCH_PATHS_QUOTED_FOR_TARGET_10)",
					"$(LIBRARY_SEARCH_PATHS_QUOTED_FOR_TARGET_11)",
					"$(LIBRARY_SEARCH_PATHS_QUOTED_FOR_TARGET_12)",
					"$(LIBRARY_SEARCH_PATHS_QUOTED_FOR_TARGET_13)",
					"$(LIBRARY_SEARCH_PATHS_QUOTED_FOR_TARGET_14)",
					"$(LIBRARY_SEARCH_PATHS_QUOTED_FOR_TARGET_15)",
					"$(LIBRARY_SEARCH_PATHS_QUOTED_FOR_TARGET_2)",
					"$(LIBRARY_SEARCH_PATHS_QUOTED_1)",
					"$(LIBRARY_SEARCH_PATHS_QUOTED_FOR_TARGET_3)",
					"$(LIBRARY_SEARCH_PATHS_QUOTED_FOR_TARGET_7)",
					"$(LIBRARY_SEARCH_PATHS_QUOTED_FOR_TARGET_8)",
					"$(LIBRARY_SEARCH_PATHS_QUOTED_FOR_TARGET_9)",
					"$(LIBRARY_SEARCH_PATHS_QUOTED_FOR_TARGET_10)",
					"$(LIBRARY_SEARCH_PATHS_QUOTED_FOR_TARGET_11)",
					"$(LIBRARY_SEARCH_PATHS_QUOTED_FOR_TARGET_12)",
					"$(LIBRARY_SEARCH_PATHS_QUOTED_FOR_TARGET_13)",
					"$(LIBRARY_SEARCH_PATHS_QUOTED_FOR_TARGET_16)",
					"$(LIBRARY_SEARCH_PATHS_QUOTED_FOR_TARGET_17)",
					"$(LIBRARY_SEARCH_PATHS_QUOTED_FOR_TARGET_18)",
					"$(LIBRARY_SEARCH_PATHS_QUOTED_FOR_TARGET_19)",
					"$(LIBRARY_SEARCH_PATHS_QUOTED_FOR_TARGET_20)",
					"$(LIBRARY_SEARCH_PATHS_QUOTED_FOR_TARGET_21)",
					"$(LIBRARY_SEARCH_PATHS_QUOTED_FOR_TARGET_22)",
					"$(LIBRARY_SEARCH_PATHS_QUOTED_FOR_TARGET_23)",
					"$(LIBRARY_SEARCH_PATHS_QUOTED_FOR_TARGET_24)",
					"$(LIBRARY_SEARCH_PATHS_QUOTED_FOR_TARGET_25)",
					"$(LIBRARY_SEARCH_PATHS_QUOTED_FOR_TARGET_26)",
					"$(LIBRARY_SEARCH_PATHS_QUOTED_FOR_TARGET_27)",
					"$(LIBRARY_SEARCH_PATHS_QUOTED_FOR_TARGET_28)",
					"$(LIBRARY_SEARCH_PATHS_QUOTED_FOR_TARGET_29)",
					"$(LIBRARY_SEARCH_PATHS_QUOTED_FOR_TARGET_30)",
					"$(LIBRARY_SEARCH_PATHS_QUOTED_FOR_TARGET_31)",
					"$(LIBRARY_SEARCH_PATHS_QUOTED_FOR_TARGET_32)",
					"$(LIBRARY_SEARCH_PATHS_QUOTED_FOR_TARGET_33)",
					"$(LIBRARY_SEARCH_PATHS_QUOTED_FOR_TARGET_34)",
					"$(LIBRARY_SEARCH_PATHS_QUOTED_FOR_TARGET_35)",
					"$(LIBRARY_SEARCH_PATHS_QUOTED_FOR_TARGET_36)",
					"$(LIBRARY_SEARCH_PATHS_QUOTED_FOR_TARGET_37)",
					"$(LIBRARY_SEARCH_PATHS_QUOTED_FOR_TARGET_38)",
					"$(LIBRARY_SEARCH_PATHS_QUOTED_FOR_TARGET_39)",
					"$(LIBRARY_SEARCH_PATHS_QUOTED_FOR_TARGET_40)",
					"$(LIBRARY_SEARCH_PATHS_QUOTED_FOR_TARGET_41)",
					"$(LIBRARY_SEARCH_PATHS_QUOTED_FOR_TARGET_42)",
					"$(LIBRARY_SEARCH_PATHS_QUOTED_FOR_TARGET_43)",
					"$(LIBRARY_SEARCH_PATHS_QUOTED_FOR_TARGET_44)",
					"$(LIBRARY_SEARCH_PATHS_QUOTED_FOR_TARGET_45)",
					"$(LIBRARY_SEARCH_PATHS_QUOTED_FOR_TARGET_46)",
					"$(LIBRARY_SEARCH_PATHS_QUOTED_FOR_TARGET_47)",
					"$(LIBRARY_SEARCH_PATHS_QUOTED_FOR_TARGET_48)",
					"$(LIBRARY_SEARCH_PATHS_QUOTED_FOR_TARGET_49)",
					"$(LIBRARY_SEARCH_PATHS_QUOTED_FOR_TARGET_50)",
					"$(LIBRARY_SEARCH_PATHS_QUOTED_FOR_TARGET_51)",
					"$(LIBRARY_SEARCH_PATHS_QUOTED_FOR_TARGET_1)",
					"$(LIBRARY_SEARCH_PATHS_QUOTED_FOR_TARGET_2)",
					"$(LIBRARY_SEARCH_PATHS_QUOTED_FOR_TARGET_3)",
					"$(LIBRARY_SEARCH_PATHS_QUOTED_FOR_TARGET_4)",
					"$(LIBRARY_SEARCH_PATHS_QUOTED_FOR_TARGET_5)",
					"$(LIBRARY_SEARCH_PATHS_QUOTED_FOR_TARGET_6)",
					"$(LIBRARY_SEARCH_PATHS_QUOTED_FOR_TARGET_7)",
					"$(LIBRARY_SEARCH_PATHS_QUOTED_FOR_TARGET_8)",
					"$(LIBRARY_SEARCH_PATHS_QUOTED_1)",
					"$(LIBRARY_SEARCH_PATHS_QUOTED_FOR_TARGET_9)",
					"$(LIBRARY_SEARCH_PATHS_QUOTED_FOR_TARGET_10)",
					"$(LIBRARY_SEARCH_PATHS_QUOTED_FOR_TARGET_11)",
					"$(LIBRARY_SEARCH_PATHS_QUOTED_FOR_TARGET_12)",
					"$(LIBRARY_SEARCH_PATHS_QUOTED_FOR_TARGET_13)",
				);
				LIBRARY_SEARCH_PATHS_QUOTED_1 = "\"$(SRCROOT)/bin/data/openni/lib\"";
				LIBRARY_SEARCH_PATHS_QUOTED_FOR_TARGET_1 = "\"$(SRCROOT)/../../../addons/ofxOpenCv/libs/opencv/lib/android/armeabi\"";
				LIBRARY_SEARCH_PATHS_QUOTED_FOR_TARGET_10 = "\"$(SRCROOT)/../../myApps/kinect2Scratch4Mac/src/ofxOpenNI/mac/copy_to_data_openni_path/lib\"";
				LIBRARY_SEARCH_PATHS_QUOTED_FOR_TARGET_11 = "\"$(SRCROOT)/../../myApps/kinect2Scratch4Mac/src/ofxOpenNI/win/copy_to_data_openni_path/lib\"";
				LIBRARY_SEARCH_PATHS_QUOTED_FOR_TARGET_12 = "\"$(SRCROOT)/../../myApps/ofxOpenNI2-k2s4m/src/ofxOpenNI/mac/copy_to_data_openni_path/lib\"";
				LIBRARY_SEARCH_PATHS_QUOTED_FOR_TARGET_13 = "\"$(SRCROOT)/../../myApps/ofxOpenNI2-k2s4m/src/ofxOpenNI/win/copy_to_data_openni_path/lib\"";
				LIBRARY_SEARCH_PATHS_QUOTED_FOR_TARGET_2 = "\"$(SRCROOT)/../../../addons/ofxOpenCv/libs/opencv/lib/android/armeabi-v7a\"";
				LIBRARY_SEARCH_PATHS_QUOTED_FOR_TARGET_3 = "\"$(SRCROOT)/../../../addons/ofxOpenCv/libs/opencv/lib/iphone\"";
				LIBRARY_SEARCH_PATHS_QUOTED_FOR_TARGET_4 = "\"$(SRCROOT)/../../../addons/ofxOpenCv/libs/opencv/lib/linux\"";
				LIBRARY_SEARCH_PATHS_QUOTED_FOR_TARGET_5 = "\"$(SRCROOT)/../../../addons/ofxOpenCv/libs/opencv/lib/linux64\"";
				LIBRARY_SEARCH_PATHS_QUOTED_FOR_TARGET_6 = "\"$(SRCROOT)/../../../addons/ofxOpenCv/libs/opencv/lib/osx\"";
				LIBRARY_SEARCH_PATHS_QUOTED_FOR_TARGET_7 = "\"$(SRCROOT)/../../../addons/ofxOpenCv/libs/opencv/lib/vs2010\"";
				LIBRARY_SEARCH_PATHS_QUOTED_FOR_TARGET_8 = "\"$(SRCROOT)/../../../addons/ofxOpenCv/libs/opencv/lib/win_cb\"";
				LIBRARY_SEARCH_PATHS_QUOTED_FOR_TARGET_9 = "\"$(SRCROOT)/bin/data/openni/lib\"";
				MACOSX_DEPLOYMENT_TARGET = 10.5;
				PREBINDING = NO;
				PRODUCT_NAME = Kinect2Scratch4Mac;
				WRAPPER_EXTENSION = app;
			};
			name = Release;
		};
		E4B69B4E0A3A1720003C02F2 /* Debug */ = {
			isa = XCBuildConfiguration;
			baseConfigurationReference = E4EB6923138AFD0F00A09F29 /* Project.xcconfig */;
			buildSettings = {
				ARCHS = "$(NATIVE_ARCH)";
				CONFIGURATION_BUILD_DIR = "$(SRCROOT)/bin/";
				COPY_PHASE_STRIP = NO;
				DEAD_CODE_STRIPPING = YES;
				GCC_AUTO_VECTORIZATION = YES;
				GCC_ENABLE_SSE3_EXTENSIONS = YES;
				GCC_ENABLE_SUPPLEMENTAL_SSE3_INSTRUCTIONS = YES;
				GCC_INLINES_ARE_PRIVATE_EXTERN = NO;
				GCC_MODEL_TUNING = G5;
				GCC_SYMBOLS_PRIVATE_EXTERN = NO;
				GCC_WARN_ABOUT_DEPRECATED_FUNCTIONS = NO;
				GCC_WARN_ABOUT_INVALID_OFFSETOF_MACRO = NO;
				GCC_WARN_ALLOW_INCOMPLETE_PROTOCOL = NO;
				GCC_WARN_UNINITIALIZED_AUTOS = NO;
				GCC_WARN_UNUSED_VALUE = NO;
				GCC_WARN_UNUSED_VARIABLE = NO;
				OTHER_CPLUSPLUSFLAGS = (
					"-D__MACOSX_CORE__",
					"-lpthread",
				);
			};
			name = Debug;
		};
		E4B69B4F0A3A1720003C02F2 /* Release */ = {
			isa = XCBuildConfiguration;
			baseConfigurationReference = E4EB6923138AFD0F00A09F29 /* Project.xcconfig */;
			buildSettings = {
				ARCHS = "$(NATIVE_ARCH)";
				CONFIGURATION_BUILD_DIR = "$(SRCROOT)/bin/";
				COPY_PHASE_STRIP = YES;
				DEAD_CODE_STRIPPING = YES;
				GCC_AUTO_VECTORIZATION = YES;
				GCC_ENABLE_SSE3_EXTENSIONS = YES;
				GCC_ENABLE_SUPPLEMENTAL_SSE3_INSTRUCTIONS = YES;
				GCC_INLINES_ARE_PRIVATE_EXTERN = NO;
				GCC_MODEL_TUNING = G5;
				GCC_OPTIMIZATION_LEVEL = 3;
				GCC_SYMBOLS_PRIVATE_EXTERN = NO;
				GCC_UNROLL_LOOPS = YES;
				GCC_WARN_ABOUT_DEPRECATED_FUNCTIONS = NO;
				GCC_WARN_ABOUT_INVALID_OFFSETOF_MACRO = NO;
				GCC_WARN_ALLOW_INCOMPLETE_PROTOCOL = NO;
				GCC_WARN_UNINITIALIZED_AUTOS = NO;
				GCC_WARN_UNUSED_VALUE = NO;
				GCC_WARN_UNUSED_VARIABLE = NO;
				OTHER_CPLUSPLUSFLAGS = (
					"-D__MACOSX_CORE__",
					"-lpthread",
				);
			};
			name = Release;
		};
/* End XCBuildConfiguration section */

/* Begin XCConfigurationList section */
		21C22E3215C286400075A106 /* Build configuration list for PBXNativeTarget "Kinect2Scratch4Mac" */ = {
			isa = XCConfigurationList;
			buildConfigurations = (
				21C22E3315C286400075A106 /* Debug */,
				21C22E3415C286400075A106 /* Release */,
			);
			defaultConfigurationIsVisible = 0;
			defaultConfigurationName = Release;
		};
		E4B69B4D0A3A1720003C02F2 /* Build configuration list for PBXProject "Kinect2Scratch4Mac" */ = {
			isa = XCConfigurationList;
			buildConfigurations = (
				E4B69B4E0A3A1720003C02F2 /* Debug */,
				E4B69B4F0A3A1720003C02F2 /* Release */,
			);
			defaultConfigurationIsVisible = 0;
			defaultConfigurationName = Release;
		};
/* End XCConfigurationList section */
	};
	rootObject = E4B69B4C0A3A1720003C02F2 /* Project object */;
}
